
Microsoft Visual Studio Solution File, Format Version 12.00
# Visual Studio 2013
VisualStudioVersion = 12.0.31101.0
MinimumVisualStudioVersion = 10.0.40219.1
Project("{2150E333-8FDC-42A3-9474-1A3956D46DE8}") = "DataCalc", "DataCalc", "{11848F4A-1D77-4CB1-A28D-86287290A5EB}"
EndProject
Project("{2150E333-8FDC-42A3-9474-1A3956D46DE8}") = "Extract", "Extract", "{78B2D0A1-0C6D-4481-85C8-B2B8D526E35C}"
EndProject
Project("{2150E333-8FDC-42A3-9474-1A3956D46DE8}") = "Receive", "Receive", "{1D8F8331-75FA-40FC-9A08-B4007F642178}"
EndProject
Project("{FAE04EC0-301F-11D3-BF4B-00C04F79EFBC}") = "DataCalc", "DataCalc\DataCalc\DataCalc.csproj", "{C0D9F8F8-E888-45DE-B431-7070A6BE29F7}"
EndProject
Project("{FAE04EC0-301F-11D3-BF4B-00C04F79EFBC}") = "Utils.DB", "DataCalc\DB\Utils.DB.csproj", "{0988C62E-247F-471F-A183-DB509C7A3839}"
EndProject
Project("{FAE04EC0-301F-11D3-BF4B-00C04F79EFBC}") = "ETTest", "DataCalc\ETTest\ETTest.csproj", "{1F0D3E7D-A849-4E43-B32C-EBEC6E8A6396}"
EndProject
Project("{FAE04EC0-301F-11D3-BF4B-00C04F79EFBC}") = "FakeData", "DataCalc\FakeData\FakeData.csproj", "{4D358CBD-3929-4925-8A4D-52C36405AFF1}"
EndProject
Project("{FAE04EC0-301F-11D3-BF4B-00C04F79EFBC}") = "Communication", "FS-DataExtraction\Communication\Communication.csproj", "{3EC3399E-CA74-475A-95F9-8D409914B419}"
EndProject
Project("{FAE04EC0-301F-11D3-BF4B-00C04F79EFBC}") = "ExtractionProtocol", "FS-DataExtraction\ExtractionProtocol\ExtractionProtocol.csproj", "{2299F376-2A39-4591-9ECC-C8AE1A08312A}"
EndProject
Project("{FAE04EC0-301F-11D3-BF4B-00C04F79EFBC}") = "Utils.DB", "FS-DataExtraction\FreeSun.Common.DB\Utils.DB.csproj", "{A101229F-6DB0-4379-997C-28933EBDA581}"
EndProject
Project("{FAE04EC0-301F-11D3-BF4B-00C04F79EFBC}") = "FS-DataExtraction", "FS-DataExtraction\FS-DataExtraction\FS-DataExtraction.csproj", "{A5185A98-AAF3-4D0C-B33A-4B0AA432C8F8}"
EndProject
Project("{FAE04EC0-301F-11D3-BF4B-00C04F79EFBC}") = "FSDE.BLL", "FS-DataExtraction\FSDE.BLL\FSDE.BLL.csproj", "{18464DB5-C09B-4B50-84D0-E287C751E5CF}"
EndProject
Project("{FAE04EC0-301F-11D3-BF4B-00C04F79EFBC}") = "FSDE.Commn", "FS-DataExtraction\FSDE.Commn\FSDE.Commn.csproj", "{B52B2AC1-AAA5-40C7-A8D6-1CD75D1ADA18}"
EndProject
Project("{FAE04EC0-301F-11D3-BF4B-00C04F79EFBC}") = "FSDE.Core", "FS-DataExtraction\FSDE.Core\FSDE.Core.csproj", "{7673C17D-F51E-46A8-AF56-D0F1D159DB3E}"
EndProject
Project("{FAE04EC0-301F-11D3-BF4B-00C04F79EFBC}") = "FSDE.DAL", "FS-DataExtraction\FSDE.DAL\FSDE.DAL.csproj", "{B49F5E7B-9236-420E-8F88-BA1EEC834D9B}"
EndProject
Project("{FAE04EC0-301F-11D3-BF4B-00C04F79EFBC}") = "FSDE.DALFactory", "FS-DataExtraction\FSDE.DALFactory\FSDE.DALFactory.csproj", "{206E557D-EB27-4007-9EA8-B1F00BCB9BC2}"
EndProject
Project("{FAE04EC0-301F-11D3-BF4B-00C04F79EFBC}") = "FSDE.Dictionaries", "FS-DataExtraction\FSDE.Dictionaries\FSDE.Dictionaries.csproj", "{A2936EA6-4DCA-413A-83BF-F0C1286F61B5}"
EndProject
Project("{FAE04EC0-301F-11D3-BF4B-00C04F79EFBC}") = "FSDE.Forms", "FS-DataExtraction\FSDE.Forms\FSDE.Forms.csproj", "{50C2AB6E-F7C4-4F78-A4E5-5C3EF42C7868}"
EndProject
Project("{FAE04EC0-301F-11D3-BF4B-00C04F79EFBC}") = "FSDE.IDAL", "FS-DataExtraction\FSDE.IDAL\FSDE.IDAL.csproj", "{857296F5-BA15-46D6-982D-54E1C2F7DBEE}"
EndProject
Project("{FAE04EC0-301F-11D3-BF4B-00C04F79EFBC}") = "FSDE.Model", "FS-DataExtraction\FSDE.Model\FSDE.Model.csproj", "{A129935B-96D5-4E57-9D7B-18801DCE95A8}"
EndProject
Project("{FAE04EC0-301F-11D3-BF4B-00C04F79EFBC}") = "Source", "FS-DataExtraction\Source\Source.csproj", "{43DD8879-E9F0-4577-A410-6FA118914300}"
EndProject
Project("{FAE04EC0-301F-11D3-BF4B-00C04F79EFBC}") = "SqliteORM", "FS-DataExtraction\sqliteorm\SqliteORM.csproj", "{6B177771-4444-48A9-8ECB-DB27ED900969}"
EndProject
Project("{FAE04EC0-301F-11D3-BF4B-00C04F79EFBC}") = "MakeWarningInfo", "FS-DataReceive\MakeWarningInfo\MakeWarningInfo.csproj", "{615EA95C-DC98-423E-8BD1-672614FED925}"
EndProject
Project("{FAE04EC0-301F-11D3-BF4B-00C04F79EFBC}") = "DataCenter", "FS-DataReceive\Wireless\DataCenter.csproj", "{FABA193A-0720-4E1F-8356-7336C949BB80}"
EndProject
Global
	GlobalSection(SolutionConfigurationPlatforms) = preSolution
		Debug|Any CPU = Debug|Any CPU
		Debug|x86 = Debug|x86
		Release|Any CPU = Release|Any CPU
		Release|x86 = Release|x86
	EndGlobalSection
	GlobalSection(ProjectConfigurationPlatforms) = postSolution
		{C0D9F8F8-E888-45DE-B431-7070A6BE29F7}.Debug|Any CPU.ActiveCfg = Debug|Any CPU
		{C0D9F8F8-E888-45DE-B431-7070A6BE29F7}.Debug|Any CPU.Build.0 = Debug|Any CPU
		{C0D9F8F8-E888-45DE-B431-7070A6BE29F7}.Debug|x86.ActiveCfg = Debug|Any CPU
		{C0D9F8F8-E888-45DE-B431-7070A6BE29F7}.Release|Any CPU.ActiveCfg = Release|Any CPU
		{C0D9F8F8-E888-45DE-B431-7070A6BE29F7}.Release|Any CPU.Build.0 = Release|Any CPU
		{C0D9F8F8-E888-45DE-B431-7070A6BE29F7}.Release|x86.ActiveCfg = Release|Any CPU
		{0988C62E-247F-471F-A183-DB509C7A3839}.Debug|Any CPU.ActiveCfg = Debug|Any CPU
		{0988C62E-247F-471F-A183-DB509C7A3839}.Debug|Any CPU.Build.0 = Debug|Any CPU
		{0988C62E-247F-471F-A183-DB509C7A3839}.Debug|x86.ActiveCfg = Debug|Any CPU
		{0988C62E-247F-471F-A183-DB509C7A3839}.Release|Any CPU.ActiveCfg = Release|Any CPU
		{0988C62E-247F-471F-A183-DB509C7A3839}.Release|Any CPU.Build.0 = Release|Any CPU
		{0988C62E-247F-471F-A183-DB509C7A3839}.Release|x86.ActiveCfg = Release|Any CPU
		{1F0D3E7D-A849-4E43-B32C-EBEC6E8A6396}.Debug|Any CPU.ActiveCfg = Debug|Any CPU
		{1F0D3E7D-A849-4E43-B32C-EBEC6E8A6396}.Debug|Any CPU.Build.0 = Debug|Any CPU
		{1F0D3E7D-A849-4E43-B32C-EBEC6E8A6396}.Debug|x86.ActiveCfg = Debug|Any CPU
		{1F0D3E7D-A849-4E43-B32C-EBEC6E8A6396}.Release|Any CPU.ActiveCfg = Release|Any CPU
		{1F0D3E7D-A849-4E43-B32C-EBEC6E8A6396}.Release|Any CPU.Build.0 = Release|Any CPU
		{1F0D3E7D-A849-4E43-B32C-EBEC6E8A6396}.Release|x86.ActiveCfg = Release|Any CPU
		{4D358CBD-3929-4925-8A4D-52C36405AFF1}.Debug|Any CPU.ActiveCfg = Debug|Any CPU
		{4D358CBD-3929-4925-8A4D-52C36405AFF1}.Debug|Any CPU.Build.0 = Debug|Any CPU
		{4D358CBD-3929-4925-8A4D-52C36405AFF1}.Debug|x86.ActiveCfg = Debug|Any CPU
		{4D358CBD-3929-4925-8A4D-52C36405AFF1}.Release|Any CPU.ActiveCfg = Release|Any CPU
		{4D358CBD-3929-4925-8A4D-52C36405AFF1}.Release|Any CPU.Build.0 = Release|Any CPU
		{4D358CBD-3929-4925-8A4D-52C36405AFF1}.Release|x86.ActiveCfg = Release|Any CPU
		{3EC3399E-CA74-475A-95F9-8D409914B419}.Debug|Any CPU.ActiveCfg = Debug|Any CPU
		{3EC3399E-CA74-475A-95F9-8D409914B419}.Debug|Any CPU.Build.0 = Debug|Any CPU
		{3EC3399E-CA74-475A-95F9-8D409914B419}.Debug|x86.ActiveCfg = Debug|Any CPU
		{3EC3399E-CA74-475A-95F9-8D409914B419}.Release|Any CPU.ActiveCfg = Release|Any CPU
		{3EC3399E-CA74-475A-95F9-8D409914B419}.Release|Any CPU.Build.0 = Release|Any CPU
		{3EC3399E-CA74-475A-95F9-8D409914B419}.Release|x86.ActiveCfg = Release|Any CPU
		{2299F376-2A39-4591-9ECC-C8AE1A08312A}.Debug|Any CPU.ActiveCfg = Debug|Any CPU
		{2299F376-2A39-4591-9ECC-C8AE1A08312A}.Debug|Any CPU.Build.0 = Debug|Any CPU
		{2299F376-2A39-4591-9ECC-C8AE1A08312A}.Debug|x86.ActiveCfg = Debug|Any CPU
		{2299F376-2A39-4591-9ECC-C8AE1A08312A}.Release|Any CPU.ActiveCfg = Release|Any CPU
		{2299F376-2A39-4591-9ECC-C8AE1A08312A}.Release|Any CPU.Build.0 = Release|Any CPU
		{2299F376-2A39-4591-9ECC-C8AE1A08312A}.Release|x86.ActiveCfg = Release|Any CPU
		{A101229F-6DB0-4379-997C-28933EBDA581}.Debug|Any CPU.ActiveCfg = Debug|Any CPU
		{A101229F-6DB0-4379-997C-28933EBDA581}.Debug|Any CPU.Build.0 = Debug|Any CPU
		{A101229F-6DB0-4379-997C-28933EBDA581}.Debug|x86.ActiveCfg = Debug|Any CPU
		{A101229F-6DB0-4379-997C-28933EBDA581}.Release|Any CPU.ActiveCfg = Release|Any CPU
		{A101229F-6DB0-4379-997C-28933EBDA581}.Release|Any CPU.Build.0 = Release|Any CPU
		{A101229F-6DB0-4379-997C-28933EBDA581}.Release|x86.ActiveCfg = Release|Any CPU
		{A5185A98-AAF3-4D0C-B33A-4B0AA432C8F8}.Debug|Any CPU.ActiveCfg = Debug|Any CPU
		{A5185A98-AAF3-4D0C-B33A-4B0AA432C8F8}.Debug|Any CPU.Build.0 = Debug|Any CPU
		{A5185A98-AAF3-4D0C-B33A-4B0AA432C8F8}.Debug|x86.ActiveCfg = Debug|Any CPU
		{A5185A98-AAF3-4D0C-B33A-4B0AA432C8F8}.Release|Any CPU.ActiveCfg = Release|Any CPU
		{A5185A98-AAF3-4D0C-B33A-4B0AA432C8F8}.Release|Any CPU.Build.0 = Release|Any CPU
		{A5185A98-AAF3-4D0C-B33A-4B0AA432C8F8}.Release|x86.ActiveCfg = Release|Any CPU
		{18464DB5-C09B-4B50-84D0-E287C751E5CF}.Debug|Any CPU.ActiveCfg = Debug|Any CPU
		{18464DB5-C09B-4B50-84D0-E287C751E5CF}.Debug|Any CPU.Build.0 = Debug|Any CPU
		{18464DB5-C09B-4B50-84D0-E287C751E5CF}.Debug|x86.ActiveCfg = Debug|Any CPU
		{18464DB5-C09B-4B50-84D0-E287C751E5CF}.Release|Any CPU.ActiveCfg = Release|Any CPU
		{18464DB5-C09B-4B50-84D0-E287C751E5CF}.Release|Any CPU.Build.0 = Release|Any CPU
		{18464DB5-C09B-4B50-84D0-E287C751E5CF}.Release|x86.ActiveCfg = Release|Any CPU
		{B52B2AC1-AAA5-40C7-A8D6-1CD75D1ADA18}.Debug|Any CPU.ActiveCfg = Debug|Any CPU
		{B52B2AC1-AAA5-40C7-A8D6-1CD75D1ADA18}.Debug|Any CPU.Build.0 = Debug|Any CPU
		{B52B2AC1-AAA5-40C7-A8D6-1CD75D1ADA18}.Debug|x86.ActiveCfg = Debug|Any CPU
		{B52B2AC1-AAA5-40C7-A8D6-1CD75D1ADA18}.Release|Any CPU.ActiveCfg = Release|Any CPU
		{B52B2AC1-AAA5-40C7-A8D6-1CD75D1ADA18}.Release|Any CPU.Build.0 = Release|Any CPU
		{B52B2AC1-AAA5-40C7-A8D6-1CD75D1ADA18}.Release|x86.ActiveCfg = Release|Any CPU
		{7673C17D-F51E-46A8-AF56-D0F1D159DB3E}.Debug|Any CPU.ActiveCfg = Debug|Any CPU
		{7673C17D-F51E-46A8-AF56-D0F1D159DB3E}.Debug|Any CPU.Build.0 = Debug|Any CPU
		{7673C17D-F51E-46A8-AF56-D0F1D159DB3E}.Debug|x86.ActiveCfg = Debug|Any CPU
		{7673C17D-F51E-46A8-AF56-D0F1D159DB3E}.Release|Any CPU.ActiveCfg = Release|Any CPU
		{7673C17D-F51E-46A8-AF56-D0F1D159DB3E}.Release|Any CPU.Build.0 = Release|Any CPU
		{7673C17D-F51E-46A8-AF56-D0F1D159DB3E}.Release|x86.ActiveCfg = Release|Any CPU
		{B49F5E7B-9236-420E-8F88-BA1EEC834D9B}.Debug|Any CPU.ActiveCfg = Debug|Any CPU
		{B49F5E7B-9236-420E-8F88-BA1EEC834D9B}.Debug|Any CPU.Build.0 = Debug|Any CPU
		{B49F5E7B-9236-420E-8F88-BA1EEC834D9B}.Debug|x86.ActiveCfg = Debug|Any CPU
		{B49F5E7B-9236-420E-8F88-BA1EEC834D9B}.Release|Any CPU.ActiveCfg = Release|Any CPU
		{B49F5E7B-9236-420E-8F88-BA1EEC834D9B}.Release|Any CPU.Build.0 = Release|Any CPU
		{B49F5E7B-9236-420E-8F88-BA1EEC834D9B}.Release|x86.ActiveCfg = Release|Any CPU
		{206E557D-EB27-4007-9EA8-B1F00BCB9BC2}.Debug|Any CPU.ActiveCfg = Debug|Any CPU
		{206E557D-EB27-4007-9EA8-B1F00BCB9BC2}.Debug|Any CPU.Build.0 = Debug|Any CPU
		{206E557D-EB27-4007-9EA8-B1F00BCB9BC2}.Debug|x86.ActiveCfg = Debug|Any CPU
		{206E557D-EB27-4007-9EA8-B1F00BCB9BC2}.Release|Any CPU.ActiveCfg = Release|Any CPU
		{206E557D-EB27-4007-9EA8-B1F00BCB9BC2}.Release|Any CPU.Build.0 = Release|Any CPU
		{206E557D-EB27-4007-9EA8-B1F00BCB9BC2}.Release|x86.ActiveCfg = Release|Any CPU
		{A2936EA6-4DCA-413A-83BF-F0C1286F61B5}.Debug|Any CPU.ActiveCfg = Debug|Any CPU
		{A2936EA6-4DCA-413A-83BF-F0C1286F61B5}.Debug|Any CPU.Build.0 = Debug|Any CPU
		{A2936EA6-4DCA-413A-83BF-F0C1286F61B5}.Debug|x86.ActiveCfg = Debug|Any CPU
		{A2936EA6-4DCA-413A-83BF-F0C1286F61B5}.Release|Any CPU.ActiveCfg = Release|Any CPU
		{A2936EA6-4DCA-413A-83BF-F0C1286F61B5}.Release|Any CPU.Build.0 = Release|Any CPU
		{A2936EA6-4DCA-413A-83BF-F0C1286F61B5}.Release|x86.ActiveCfg = Release|Any CPU
		{50C2AB6E-F7C4-4F78-A4E5-5C3EF42C7868}.Debug|Any CPU.ActiveCfg = Debug|Any CPU
		{50C2AB6E-F7C4-4F78-A4E5-5C3EF42C7868}.Debug|Any CPU.Build.0 = Debug|Any CPU
		{50C2AB6E-F7C4-4F78-A4E5-5C3EF42C7868}.Debug|x86.ActiveCfg = Debug|x86
		{50C2AB6E-F7C4-4F78-A4E5-5C3EF42C7868}.Debug|x86.Build.0 = Debug|x86
		{50C2AB6E-F7C4-4F78-A4E5-5C3EF42C7868}.Release|Any CPU.ActiveCfg = Release|Any CPU
		{50C2AB6E-F7C4-4F78-A4E5-5C3EF42C7868}.Release|Any CPU.Build.0 = Release|Any CPU
		{50C2AB6E-F7C4-4F78-A4E5-5C3EF42C7868}.Release|x86.ActiveCfg = Release|x86
		{50C2AB6E-F7C4-4F78-A4E5-5C3EF42C7868}.Release|x86.Build.0 = Release|x86
		{857296F5-BA15-46D6-982D-54E1C2F7DBEE}.Debug|Any CPU.ActiveCfg = Debug|Any CPU
		{857296F5-BA15-46D6-982D-54E1C2F7DBEE}.Debug|Any CPU.Build.0 = Debug|Any CPU
		{857296F5-BA15-46D6-982D-54E1C2F7DBEE}.Debug|x86.ActiveCfg = Debug|Any CPU
		{857296F5-BA15-46D6-982D-54E1C2F7DBEE}.Release|Any CPU.ActiveCfg = Release|Any CPU
		{857296F5-BA15-46D6-982D-54E1C2F7DBEE}.Release|Any CPU.Build.0 = Release|Any CPU
		{857296F5-BA15-46D6-982D-54E1C2F7DBEE}.Release|x86.ActiveCfg = Release|Any CPU
		{A129935B-96D5-4E57-9D7B-18801DCE95A8}.Debug|Any CPU.ActiveCfg = Debug|Any CPU
		{A129935B-96D5-4E57-9D7B-18801DCE95A8}.Debug|Any CPU.Build.0 = Debug|Any CPU
		{A129935B-96D5-4E57-9D7B-18801DCE95A8}.Debug|x86.ActiveCfg = Debug|Any CPU
		{A129935B-96D5-4E57-9D7B-18801DCE95A8}.Release|Any CPU.ActiveCfg = Release|Any CPU
		{A129935B-96D5-4E57-9D7B-18801DCE95A8}.Release|Any CPU.Build.0 = Release|Any CPU
		{A129935B-96D5-4E57-9D7B-18801DCE95A8}.Release|x86.ActiveCfg = Release|Any CPU
		{43DD8879-E9F0-4577-A410-6FA118914300}.Debug|Any CPU.ActiveCfg = Debug|Any CPU
		{43DD8879-E9F0-4577-A410-6FA118914300}.Debug|Any CPU.Build.0 = Debug|Any CPU
		{43DD8879-E9F0-4577-A410-6FA118914300}.Debug|x86.ActiveCfg = Debug|x86
		{43DD8879-E9F0-4577-A410-6FA118914300}.Debug|x86.Build.0 = Debug|x86
		{43DD8879-E9F0-4577-A410-6FA118914300}.Release|Any CPU.ActiveCfg = Release|Any CPU
		{43DD8879-E9F0-4577-A410-6FA118914300}.Release|Any CPU.Build.0 = Release|Any CPU
		{43DD8879-E9F0-4577-A410-6FA118914300}.Release|x86.ActiveCfg = Release|x86
		{43DD8879-E9F0-4577-A410-6FA118914300}.Release|x86.Build.0 = Release|x86
		{6B177771-4444-48A9-8ECB-DB27ED900969}.Debug|Any CPU.ActiveCfg = Debug|Any CPU
		{6B177771-4444-48A9-8ECB-DB27ED900969}.Debug|Any CPU.Build.0 = Debug|Any CPU
		{6B177771-4444-48A9-8ECB-DB27ED900969}.Debug|x86.ActiveCfg = Debug|Any CPU
		{6B177771-4444-48A9-8ECB-DB27ED900969}.Release|Any CPU.ActiveCfg = Release|Any CPU
		{6B177771-4444-48A9-8ECB-DB27ED900969}.Release|Any CPU.Build.0 = Release|Any CPU
		{6B177771-4444-48A9-8ECB-DB27ED900969}.Release|x86.ActiveCfg = Release|Any CPU
		{615EA95C-DC98-423E-8BD1-672614FED925}.Debug|Any CPU.ActiveCfg = Debug|Any CPU
		{615EA95C-DC98-423E-8BD1-672614FED925}.Debug|Any CPU.Build.0 = Debug|Any CPU
		{615EA95C-DC98-423E-8BD1-672614FED925}.Debug|x86.ActiveCfg = Debug|Any CPU
		{615EA95C-DC98-423E-8BD1-672614FED925}.Release|Any CPU.ActiveCfg = Release|Any CPU
		{615EA95C-DC98-423E-8BD1-672614FED925}.Release|Any CPU.Build.0 = Release|Any CPU
		{615EA95C-DC98-423E-8BD1-672614FED925}.Release|x86.ActiveCfg = Release|Any CPU
		{FABA193A-0720-4E1F-8356-7336C949BB80}.Debug|Any CPU.ActiveCfg = Debug|Any CPU
		{FABA193A-0720-4E1F-8356-7336C949BB80}.Debug|Any CPU.Build.0 = Debug|Any CPU
		{FABA193A-0720-4E1F-8356-7336C949BB80}.Debug|x86.ActiveCfg = Debug|x86
		{FABA193A-0720-4E1F-8356-7336C949BB80}.Debug|x86.Build.0 = Debug|x86
		{FABA193A-0720-4E1F-8356-7336C949BB80}.Release|Any CPU.ActiveCfg = Release|Any CPU
		{FABA193A-0720-4E1F-8356-7336C949BB80}.Release|Any CPU.Build.0 = Release|Any CPU
		{FABA193A-0720-4E1F-8356-7336C949BB80}.Release|x86.ActiveCfg = Release|x86
		{FABA193A-0720-4E1F-8356-7336C949BB80}.Release|x86.Build.0 = Release|x86
	EndGlobalSection
	GlobalSection(SolutionProperties) = preSolution
		HideSolutionNode = FALSE
	EndGlobalSection
	GlobalSection(NestedProjects) = preSolution
		{C0D9F8F8-E888-45DE-B431-7070A6BE29F7} = {11848F4A-1D77-4CB1-A28D-86287290A5EB}
		{0988C62E-247F-471F-A183-DB509C7A3839} = {11848F4A-1D77-4CB1-A28D-86287290A5EB}
		{1F0D3E7D-A849-4E43-B32C-EBEC6E8A6396} = {11848F4A-1D77-4CB1-A28D-86287290A5EB}
		{4D358CBD-3929-4925-8A4D-52C36405AFF1} = {11848F4A-1D77-4CB1-A28D-86287290A5EB}
		{3EC3399E-CA74-475A-95F9-8D409914B419} = {78B2D0A1-0C6D-4481-85C8-B2B8D526E35C}
		{2299F376-2A39-4591-9ECC-C8AE1A08312A} = {78B2D0A1-0C6D-4481-85C8-B2B8D526E35C}
		{A101229F-6DB0-4379-997C-28933EBDA581} = {78B2D0A1-0C6D-4481-85C8-B2B8D526E35C}
		{A5185A98-AAF3-4D0C-B33A-4B0AA432C8F8} = {78B2D0A1-0C6D-4481-85C8-B2B8D526E35C}
		{18464DB5-C09B-4B50-84D0-E287C751E5CF} = {78B2D0A1-0C6D-4481-85C8-B2B8D526E35C}
		{B52B2AC1-AAA5-40C7-A8D6-1CD75D1ADA18} = {78B2D0A1-0C6D-4481-85C8-B2B8D526E35C}
		{7673C17D-F51E-46A8-AF56-D0F1D159DB3E} = {78B2D0A1-0C6D-4481-85C8-B2B8D526E35C}
		{B49F5E7B-9236-420E-8F88-BA1EEC834D9B} = {78B2D0A1-0C6D-4481-85C8-B2B8D526E35C}
		{206E557D-EB27-4007-9EA8-B1F00BCB9BC2} = {78B2D0A1-0C6D-4481-85C8-B2B8D526E35C}
		{A2936EA6-4DCA-413A-83BF-F0C1286F61B5} = {78B2D0A1-0C6D-4481-85C8-B2B8D526E35C}
		{50C2AB6E-F7C4-4F78-A4E5-5C3EF42C7868} = {78B2D0A1-0C6D-4481-85C8-B2B8D526E35C}
		{857296F5-BA15-46D6-982D-54E1C2F7DBEE} = {78B2D0A1-0C6D-4481-85C8-B2B8D526E35C}
		{A129935B-96D5-4E57-9D7B-18801DCE95A8} = {78B2D0A1-0C6D-4481-85C8-B2B8D526E35C}
		{43DD8879-E9F0-4577-A410-6FA118914300} = {78B2D0A1-0C6D-4481-85C8-B2B8D526E35C}
		{6B177771-4444-48A9-8ECB-DB27ED900969} = {78B2D0A1-0C6D-4481-85C8-B2B8D526E35C}
		{615EA95C-DC98-423E-8BD1-672614FED925} = {1D8F8331-75FA-40FC-9A08-B4007F642178}
		{FABA193A-0720-4E1F-8356-7336C949BB80} = {1D8F8331-75FA-40FC-9A08-B4007F642178}
	EndGlobalSection
EndGlobal
