
Microsoft Visual Studio Solution File, Format Version 12.00
# Visual Studio 2012
Project("{FAE04EC0-301F-11D3-BF4B-00C04F79EFBC}") = "Com.Simulator", "ET\Com.Simulator\Com.Simulator.csproj", "{5FCD58CE-0024-44BD-916C-2177BE1BAA27}"
EndProject
Project("{FAE04EC0-301F-11D3-BF4B-00C04F79EFBC}") = "DAC", "ET\DAC\DAC.csproj", "{FD6160C2-D9FC-4247-ADD3-06F474A16A54}"
EndProject
Project("{FAE04EC0-301F-11D3-BF4B-00C04F79EFBC}") = "DAC.DataAnalyze", "ET\DAC.DataAnalyze\DAC.DataAnalyze.csproj", "{C61BA02D-D05A-40BE-B2CA-66FE51039C76}"
EndProject
Project("{FAE04EC0-301F-11D3-BF4B-00C04F79EFBC}") = "DAC.DataCalc", "ET\DAC.DataCalc\DAC.DataCalc.csproj", "{98447053-D048-42CE-AE15-F3075B14CDE6}"
EndProject
Project("{2150E333-8FDC-42A3-9474-1A3956D46DE8}") = "ET", "ET", "{0BB0FA94-851C-46F3-B6F0-F75F1D0E1848}"
EndProject
Project("{FAE04EC0-301F-11D3-BF4B-00C04F79EFBC}") = "DAC.DataCalc.Test", "ET\DAC.DataCalc.Test\DAC.DataCalc.Test.csproj", "{586149CE-7F0C-4789-8A4C-B3BD64B44320}"
EndProject
Project("{FAE04EC0-301F-11D3-BF4B-00C04F79EFBC}") = "DAC.DataValidator", "ET\DAC.DataValidator\DAC.DataValidator.csproj", "{7B3CE79E-A4CC-47CC-BC8C-2AB1DD0CBCFC}"
EndProject
Project("{FAE04EC0-301F-11D3-BF4B-00C04F79EFBC}") = "DAC.Receiver", "ET\DAC.Receiver\DAC.Receiver.csproj", "{61BCD393-5EBD-4C7A-8BF6-AF6883668FD4}"
EndProject
Project("{FAE04EC0-301F-11D3-BF4B-00C04F79EFBC}") = "DAC.Sender", "ET\DAC.Sender\DAC.Sender.csproj", "{2823D41F-FBA5-4832-AA96-95A2157E36C4}"
EndProject
Project("{FAE04EC0-301F-11D3-BF4B-00C04F79EFBC}") = "DAC.Storage.iSecureCloud", "ET\DAC.Storage.iSecureCloud\DAC.Storage.iSecureCloud.csproj", "{49E587C6-EB00-4B8A-8DF6-FC2DEB5F77D7}"
EndProject
Project("{FAE04EC0-301F-11D3-BF4B-00C04F79EFBC}") = "DAC.Storage.iSecureCloud.Test", "ET\DAC.Storage.iSecureCloud.Test\DAC.Storage.iSecureCloud.Test.csproj", "{1CB64236-0096-44C3-B951-5FD442B9D20C}"
EndProject
Project("{FAE04EC0-301F-11D3-BF4B-00C04F79EFBC}") = "DAC.Storage.SQLite", "ET\DAC.Storage.SQLite\DAC.Storage.SQLite.csproj", "{2B495EF8-D6D0-4AC1-8AB6-557024532E7F}"
EndProject
Project("{FAE04EC0-301F-11D3-BF4B-00C04F79EFBC}") = "DAC.Storage.SQLite.Test", "ET\DAC.Storage.SQLite.Test\DAC.Storage.SQLite.Test.csproj", "{4263F3AC-07AC-4EA0-AAC7-B51EBEF82FC4}"
EndProject
Project("{FAE04EC0-301F-11D3-BF4B-00C04F79EFBC}") = "DAC.Test", "ET\DAC.Test\DAC.Test.csproj", "{B51EFB07-88BC-4584-A919-B9817AC5D574}"
EndProject
Project("{FAE04EC0-301F-11D3-BF4B-00C04F79EFBC}") = "DAC.DataAnalyze.Test", "ET\DataAnalyze.Test\DAC.DataAnalyze.Test.csproj", "{F36EE86F-A742-4D24-9EAE-BB7726776EF3}"
EndProject
Project("{FAE04EC0-301F-11D3-BF4B-00C04F79EFBC}") = "DTU.Simulator", "ET\DTU.Simulator\DTU.Simulator.csproj", "{9BD8CF8F-29CB-4F30-B611-D304443755E0}"
EndProject
Project("{FAE04EC0-301F-11D3-BF4B-00C04F79EFBC}") = "ET.Service", "ET\ET.Service\ET.Service.csproj", "{BB14BA6A-CCDC-445C-AD00-1B6AF19FA44C}"
EndProject
Project("{FAE04EC0-301F-11D3-BF4B-00C04F79EFBC}") = "ET.Simulator", "ET\ET.Simulator\ET.Simulator.csproj", "{266A6EB4-28E2-4FB1-9F36-761CE0748FBF}"
EndProject
Project("{FAE04EC0-301F-11D3-BF4B-00C04F79EFBC}") = "ET.Test", "ET\ET.Test\ET.Test.csproj", "{10212C0D-1465-4B7E-B849-9E0C3E939F91}"
EndProject
Project("{FAE04EC0-301F-11D3-BF4B-00C04F79EFBC}") = "Messages", "Messages\Messages.csproj", "{51602D89-5917-46F4-A539-4FC045A44F77}"
EndProject
Project("{2150E333-8FDC-42A3-9474-1A3956D46DE8}") = "Common", "Common", "{8A76EEB2-E536-46E6-BAB2-9163DB8541A5}"
EndProject
Project("{2150E333-8FDC-42A3-9474-1A3956D46DE8}") = "Report", "Report", "{67439E40-70F0-47C5-A41D-98C1CD796E61}"
EndProject
Project("{FAE04EC0-301F-11D3-BF4B-00C04F79EFBC}") = "RPTService", "Report\ReportGeneratorCodeService\RPTService.csproj", "{49DA8B3C-DE3A-4CD4-9A97-8F84CF260CA4}"
EndProject
Project("{FAE04EC0-301F-11D3-BF4B-00C04F79EFBC}") = "RPTService.Test", "Report\ReportGenerate.Test\RPTService.Test.csproj", "{18AD714C-21A7-469F-8391-DF09BA096E53}"
EndProject
Project("{FAE04EC0-301F-11D3-BF4B-00C04F79EFBC}") = "HightChartsLib", "Report\HightChartsGenerator.NET\HightChartsLib.csproj", "{404CEDA6-7DC7-410C-A234-7848E9E24590}"
EndProject
Project("{FAE04EC0-301F-11D3-BF4B-00C04F79EFBC}") = "FSChartsLib", "Report\FreeSunCharts.NET\FSChartsLib.csproj", "{F1AF3FB1-FEB1-4C3C-9C21-05D66BC2440E}"
EndProject
Project("{2150E333-8FDC-42A3-9474-1A3956D46DE8}") = "Alarm", "Alarm", "{EAEA0F6D-ACFC-4B01-B172-1D2C41553B12}"
EndProject
Project("{FAE04EC0-301F-11D3-BF4B-00C04F79EFBC}") = "WarningService", "Alarm\WarningManagementProcess\WarningService.csproj", "{A07AD6BF-1CC4-40F7-9B8D-FAC672395FE4}"
EndProject
Project("{FAE04EC0-301F-11D3-BF4B-00C04F79EFBC}") = "WarningSenderTest", "Alarm\WarningSenderTest\WarningSenderTest.csproj", "{9E310723-CB73-4929-A791-7400B7BD1AF7}"
EndProject
Project("{FAE04EC0-301F-11D3-BF4B-00C04F79EFBC}") = "DAC.DataValidator.Test", "ET\DAC.DataValidator.Test\DAC.DataValidator.Test.csproj", "{5DE7FDE4-C876-48BC-8646-E3E0B82EBD06}"
EndProject
Project("{FAE04EC0-301F-11D3-BF4B-00C04F79EFBC}") = "DAC.DataRationalFilter", "ET\DAC.DataRationalFilter\DAC.DataRationalFilter.csproj", "{33BDDE58-0C3A-4DA0-939B-CB671330D9D3}"
EndProject
Project("{FAE04EC0-301F-11D3-BF4B-00C04F79EFBC}") = "DAC.DataRationalFilter.Test", "ET\DAC.DataRationalFilter.Test\DAC.DataRationalFilter.Test.csproj", "{BAE9DE21-8DA5-4E69-9160-73FFF2EFE3D8}"
EndProject
Project("{FAE04EC0-301F-11D3-BF4B-00C04F79EFBC}") = "PinghanDataUpload", "ET\PinghanDataUpload\PinghanDataUpload.csproj", "{E0F07463-C20C-4485-904B-6B609B14A349}"
EndProject
Project("{FAE04EC0-301F-11D3-BF4B-00C04F79EFBC}") = "PinghanDataUpload.Test", "ET\PinghanDataUpload.Test\PinghanDataUpload.Test.csproj", "{8F220F11-F963-4704-A0F6-957DB23C816F}"
EndProject
Project("{FAE04EC0-301F-11D3-BF4B-00C04F79EFBC}") = "ConsoleCtrlManager", "ConsoleCtrlManager\ConsoleCtrlManager.csproj", "{3C743DC8-6A80-41A9-98CC-D1262569FEBB}"
EndProject
Project("{FAE04EC0-301F-11D3-BF4B-00C04F79EFBC}") = "ConsoleCtrlManager.Test", "ConsoleCtrlManager.Test\ConsoleCtrlManager.Test.csproj", "{54A88903-483E-46EC-82FC-5CCCC65D3952}"
EndProject
Project("{FAE04EC0-301F-11D3-BF4B-00C04F79EFBC}") = "DynamicScript", "DynamicScript\DynamicScript.csproj", "{5943E0E3-252D-4E7F-B8AB-A71DFF0E372B}"
EndProject
Project("{FAE04EC0-301F-11D3-BF4B-00C04F79EFBC}") = "DynamicScript.Test", "DynamicScript.Test\DynamicScript.Test.csproj", "{20F4FFBF-34AA-4FD1-839F-05FDE1C3EDE8}"
EndProject
Project("{FAE04EC0-301F-11D3-BF4B-00C04F79EFBC}") = "Service", "Service\Service\Service.csproj", "{6A7019E1-3A17-490E-B49B-1A87E225700E}"
EndProject
Project("{FAE04EC0-301F-11D3-BF4B-00C04F79EFBC}") = "DAC.DataReplaceFilter", "DAC.DataReplaceFilter\DAC.DataReplaceFilter.csproj", "{3117F356-830F-4D37-9526-428FFDEF7C01}"
EndProject
Project("{FAE04EC0-301F-11D3-BF4B-00C04F79EFBC}") = "DAC.DataReplaceFilter.Test", "DAC.DataReplaceFilter.Test\DAC.DataReplaceFilter.Test.csproj", "{204AC0F4-ED38-42F2-9D48-2DCFDBA190E2}"
EndProject
Project("{2150E333-8FDC-42A3-9474-1A3956D46DE8}") = "FS Service", "FS Service", "{5703DAEC-632E-473F-9F9E-F0304D8EE000}"
EndProject
Project("{FAE04EC0-301F-11D3-BF4B-00C04F79EFBC}") = "Service.Test", "Service\Service.Test\Service.Test.csproj", "{D8F90A86-599E-414E-8EAE-391F32FE6E42}"
EndProject
Project("{FAE04EC0-301F-11D3-BF4B-00C04F79EFBC}") = "Service.NetMQ", "Service\Service.NetMQ\Service.NetMQ.csproj", "{EE66F508-5C6F-40F4-83EF-04A09660C7AF}"
EndProject
Project("{2150E333-8FDC-42A3-9474-1A3956D46DE8}") = "Aggregation", "Aggregation", "{286D5C02-4C8B-4712-AA5C-400430ACB129}"
EndProject
Project("{FAE04EC0-301F-11D3-BF4B-00C04F79EFBC}") = "Agg.Storage", "Aggregation\Agg.Storage\Agg.Storage.csproj", "{0D964240-A024-4F9E-93A5-E979001E110F}"
EndProject
Project("{FAE04EC0-301F-11D3-BF4B-00C04F79EFBC}") = "Agg.Test", "Aggregation\Agg.Test\Agg.Test.csproj", "{47E2E807-3BC3-4562-B662-ECB3F8A4E140}"
EndProject
Project("{FAE04EC0-301F-11D3-BF4B-00C04F79EFBC}") = "Agg.Process", "Aggregation\AggProcesser\Agg.Process.csproj", "{08D2BA6F-68A8-4D7F-8135-3CCAE1509D81}"
EndProject
Project("{FAE04EC0-301F-11D3-BF4B-00C04F79EFBC}") = "Agg.Service", "Aggregation\Aggregation\Agg.Service.csproj", "{02C0035D-B1EA-4B2F-931D-A5CD2893DBEB}"
EndProject
Project("{FAE04EC0-301F-11D3-BF4B-00C04F79EFBC}") = "Agg.DataPool", "Aggregation\DataPool\Agg.DataPool.csproj", "{ED6E2576-1435-4E2B-B7C5-EE77CDCBF51D}"
EndProject
Project("{FAE04EC0-301F-11D3-BF4B-00C04F79EFBC}") = "Agg.Comm", "Aggregation\Agg.Comm\Agg.Comm.csproj", "{294AA5AC-D7F5-446A-BCC0-3DCC556235BA}"
EndProject
Project("{2150E333-8FDC-42A3-9474-1A3956D46DE8}") = "NGET", "NGET", "{5A2D1AAA-3272-4FB7-BE48-5FAF89AA34BC}"
EndProject
Project("{2150E333-8FDC-42A3-9474-1A3956D46DE8}") = "Consumers", "Consumers", "{62B9A6B0-63B7-451B-AFD6-D4BBEF350E15}"
EndProject
Project("{FAE04EC0-301F-11D3-BF4B-00C04F79EFBC}") = "NGET", "NGET\NGET\NGET.csproj", "{C1E94570-387E-49F1-B1B4-6EBFA0611A87}"
EndProject
Project("{FAE04EC0-301F-11D3-BF4B-00C04F79EFBC}") = "NGET.Service", "NGET\NGET.Service\NGET.Service.csproj", "{961B8EEA-4645-444F-9F6D-34EAF3CCC455}"
EndProject
Project("{FAE04EC0-301F-11D3-BF4B-00C04F79EFBC}") = "NGET.Test", "NGET\NGET.Test\NGET.Test.csproj", "{73DBDF46-87FE-46B8-864D-22D6617244AB}"
EndProject
Project("{FAE04EC0-301F-11D3-BF4B-00C04F79EFBC}") = "DataAnalyze", "NGET\Consumers\DataAnalyze\DataAnalyze.csproj", "{200007D1-AE42-4206-A3B0-978CB0AD7B03}"
EndProject
Project("{FAE04EC0-301F-11D3-BF4B-00C04F79EFBC}") = "DataAnalyze.Test", "NGET\Consumers\DataAnalyze.Test\DataAnalyze.Test.csproj", "{08FC44E2-AF2F-48FC-B42B-4D1D4D03D12A}"
EndProject
Project("{FAE04EC0-301F-11D3-BF4B-00C04F79EFBC}") = "DataRationalFilter", "NGET\Consumers\DataRationalFilter\DataRationalFilter.csproj", "{4C70ABF0-BACE-4ADE-9D24-8698AA820E77}"
EndProject
Project("{FAE04EC0-301F-11D3-BF4B-00C04F79EFBC}") = "DataRationalFilter.Test", "NGET\Consumers\DataRationalFilter.Test\DataRationalFilter.Test.csproj", "{84EFAB5B-9A62-42F8-AA28-31390C096B8C}"
EndProject
Project("{FAE04EC0-301F-11D3-BF4B-00C04F79EFBC}") = "DataReplaceFilter", "NGET\Consumers\DataReplaceFilter\DataReplaceFilter.csproj", "{2D27FF5D-1418-432F-9D4B-F5A44335CF76}"
EndProject
Project("{FAE04EC0-301F-11D3-BF4B-00C04F79EFBC}") = "DataReplaceFilter.Test", "NGET\Consumers\DataReplaceFilter.Test\DataReplaceFilter.Test.csproj", "{ECF659D5-F359-4BE0-9952-1C9D857961BF}"
EndProject
Project("{FAE04EC0-301F-11D3-BF4B-00C04F79EFBC}") = "DataValidator", "NGET\Consumers\DataValidator\DataValidator.csproj", "{F68B84FD-59A7-45DA-8279-9634D87BAD84}"
EndProject
Project("{FAE04EC0-301F-11D3-BF4B-00C04F79EFBC}") = "DataValidator.Test", "NGET\Consumers\DataValidator.Test\DataValidator.Test.csproj", "{2CB08D7F-5616-4371-B16C-5073A5B32E98}"
EndProject
Project("{FAE04EC0-301F-11D3-BF4B-00C04F79EFBC}") = "PinghanDataUpload", "NGET\Consumers\PinghanDataUpload\PinghanDataUpload.csproj", "{D85CAB4B-6C6F-48A7-83D3-E9FEBB8FE4DC}"
EndProject
Project("{FAE04EC0-301F-11D3-BF4B-00C04F79EFBC}") = "PinghanDataUpload.Test", "NGET\Consumers\PinghanDataUpload.Test\PinghanDataUpload.Test.csproj", "{9B98B2AA-EB03-40CA-B715-E79B2AABB082}"
EndProject
Project("{FAE04EC0-301F-11D3-BF4B-00C04F79EFBC}") = "Storage.iSecureCloud", "NGET\Consumers\Storage.iSecureCloud\Storage.iSecureCloud.csproj", "{64D83CC0-7D92-455F-9382-9FDA8DFA9CAB}"
EndProject
Project("{FAE04EC0-301F-11D3-BF4B-00C04F79EFBC}") = "Storage.iSecureCloud.Test", "NGET\Consumers\Storage.iSecureCloud.Test\Storage.iSecureCloud.Test.csproj", "{F13F21B9-5D8A-4A3E-9A6C-1AB9621F0D30}"
EndProject
Project("{FAE04EC0-301F-11D3-BF4B-00C04F79EFBC}") = "DataCalc", "NGET\Consumers\DataCalc\DataCalc.csproj", "{D55511C9-6325-4F53-8E69-0D1E0B0AFCDF}"
EndProject
Project("{FAE04EC0-301F-11D3-BF4B-00C04F79EFBC}") = "DataCalc.Test", "NGET\Consumers\DataCalc.Test\DataCalc.Test.csproj", "{2A370591-34B3-48A0-8BC3-04422931D983}"
EndProject
Project("{2150E333-8FDC-42A3-9474-1A3956D46DE8}") = "NGDAC", "NGDAC", "{29DB3D4F-88C4-4960-BCE3-A02121D710DB}"
EndProject
Project("{FAE04EC0-301F-11D3-BF4B-00C04F79EFBC}") = "NGDAC", "NGDAC\DAC\NGDAC.csproj", "{E1012717-62B7-45C5-BE98-0E3C2F5ECB3A}"
EndProject
Project("{FAE04EC0-301F-11D3-BF4B-00C04F79EFBC}") = "NGDAC.Test", "NGDAC\DAC.Test\NGDAC.Test.csproj", "{57F4F6A2-57B4-4D94-A115-DE5628C8001F}"
EndProject
Project("{FAE04EC0-301F-11D3-BF4B-00C04F79EFBC}") = "NGDAC.Service", "NGDAC\NGDAC.Service\NGDAC.Service.csproj", "{6A396150-A20F-448F-A28B-69DC5ADBB0CA}"
EndProject
Project("{FAE04EC0-301F-11D3-BF4B-00C04F79EFBC}") = "NGDACService.Test", "NGDAC\NGDAC.Test\NGDACService.Test.csproj", "{3A8E5213-6E0B-43F5-A464-953586D59B60}"
EndProject
Global
	GlobalSection(SolutionConfigurationPlatforms) = preSolution
		Debug|Any CPU = Debug|Any CPU
		Debug|x64 = Debug|x64
		Debug|x86 = Debug|x86
		Release|Any CPU = Release|Any CPU
		Release|x64 = Release|x64
		Release|x86 = Release|x86
	EndGlobalSection
	GlobalSection(ProjectConfigurationPlatforms) = postSolution
		{5FCD58CE-0024-44BD-916C-2177BE1BAA27}.Debug|Any CPU.ActiveCfg = Debug|Any CPU
		{5FCD58CE-0024-44BD-916C-2177BE1BAA27}.Debug|Any CPU.Build.0 = Debug|Any CPU
		{5FCD58CE-0024-44BD-916C-2177BE1BAA27}.Debug|x64.ActiveCfg = Debug|Any CPU
		{5FCD58CE-0024-44BD-916C-2177BE1BAA27}.Debug|x86.ActiveCfg = Debug|x86
		{5FCD58CE-0024-44BD-916C-2177BE1BAA27}.Debug|x86.Build.0 = Debug|x86
		{5FCD58CE-0024-44BD-916C-2177BE1BAA27}.Release|Any CPU.ActiveCfg = Release|Any CPU
		{5FCD58CE-0024-44BD-916C-2177BE1BAA27}.Release|Any CPU.Build.0 = Release|Any CPU
		{5FCD58CE-0024-44BD-916C-2177BE1BAA27}.Release|x64.ActiveCfg = Release|Any CPU
		{5FCD58CE-0024-44BD-916C-2177BE1BAA27}.Release|x86.ActiveCfg = Release|x86
		{5FCD58CE-0024-44BD-916C-2177BE1BAA27}.Release|x86.Build.0 = Release|x86
		{FD6160C2-D9FC-4247-ADD3-06F474A16A54}.Debug|Any CPU.ActiveCfg = Debug|Any CPU
		{FD6160C2-D9FC-4247-ADD3-06F474A16A54}.Debug|Any CPU.Build.0 = Debug|Any CPU
		{FD6160C2-D9FC-4247-ADD3-06F474A16A54}.Debug|x64.ActiveCfg = Debug|Any CPU
		{FD6160C2-D9FC-4247-ADD3-06F474A16A54}.Debug|x86.ActiveCfg = Debug|Any CPU
		{FD6160C2-D9FC-4247-ADD3-06F474A16A54}.Release|Any CPU.ActiveCfg = Release|Any CPU
		{FD6160C2-D9FC-4247-ADD3-06F474A16A54}.Release|Any CPU.Build.0 = Release|Any CPU
		{FD6160C2-D9FC-4247-ADD3-06F474A16A54}.Release|x64.ActiveCfg = Release|Any CPU
		{FD6160C2-D9FC-4247-ADD3-06F474A16A54}.Release|x86.ActiveCfg = Release|Any CPU
		{C61BA02D-D05A-40BE-B2CA-66FE51039C76}.Debug|Any CPU.ActiveCfg = Debug|Any CPU
		{C61BA02D-D05A-40BE-B2CA-66FE51039C76}.Debug|Any CPU.Build.0 = Debug|Any CPU
		{C61BA02D-D05A-40BE-B2CA-66FE51039C76}.Debug|x64.ActiveCfg = Debug|Any CPU
		{C61BA02D-D05A-40BE-B2CA-66FE51039C76}.Debug|x86.ActiveCfg = Debug|Any CPU
		{C61BA02D-D05A-40BE-B2CA-66FE51039C76}.Release|Any CPU.ActiveCfg = Release|Any CPU
		{C61BA02D-D05A-40BE-B2CA-66FE51039C76}.Release|Any CPU.Build.0 = Release|Any CPU
		{C61BA02D-D05A-40BE-B2CA-66FE51039C76}.Release|x64.ActiveCfg = Release|Any CPU
		{C61BA02D-D05A-40BE-B2CA-66FE51039C76}.Release|x86.ActiveCfg = Release|Any CPU
		{98447053-D048-42CE-AE15-F3075B14CDE6}.Debug|Any CPU.ActiveCfg = Debug|Any CPU
		{98447053-D048-42CE-AE15-F3075B14CDE6}.Debug|Any CPU.Build.0 = Debug|Any CPU
		{98447053-D048-42CE-AE15-F3075B14CDE6}.Debug|x64.ActiveCfg = Debug|Any CPU
		{98447053-D048-42CE-AE15-F3075B14CDE6}.Debug|x86.ActiveCfg = Debug|Any CPU
		{98447053-D048-42CE-AE15-F3075B14CDE6}.Release|Any CPU.ActiveCfg = Release|Any CPU
		{98447053-D048-42CE-AE15-F3075B14CDE6}.Release|Any CPU.Build.0 = Release|Any CPU
		{98447053-D048-42CE-AE15-F3075B14CDE6}.Release|x64.ActiveCfg = Release|Any CPU
		{98447053-D048-42CE-AE15-F3075B14CDE6}.Release|x86.ActiveCfg = Release|Any CPU
		{586149CE-7F0C-4789-8A4C-B3BD64B44320}.Debug|Any CPU.ActiveCfg = Debug|Any CPU
		{586149CE-7F0C-4789-8A4C-B3BD64B44320}.Debug|Any CPU.Build.0 = Debug|Any CPU
		{586149CE-7F0C-4789-8A4C-B3BD64B44320}.Debug|x64.ActiveCfg = Debug|Any CPU
		{586149CE-7F0C-4789-8A4C-B3BD64B44320}.Debug|x86.ActiveCfg = Debug|Any CPU
		{586149CE-7F0C-4789-8A4C-B3BD64B44320}.Release|Any CPU.ActiveCfg = Release|Any CPU
		{586149CE-7F0C-4789-8A4C-B3BD64B44320}.Release|Any CPU.Build.0 = Release|Any CPU
		{586149CE-7F0C-4789-8A4C-B3BD64B44320}.Release|x64.ActiveCfg = Release|Any CPU
		{586149CE-7F0C-4789-8A4C-B3BD64B44320}.Release|x86.ActiveCfg = Release|Any CPU
		{7B3CE79E-A4CC-47CC-BC8C-2AB1DD0CBCFC}.Debug|Any CPU.ActiveCfg = Debug|Any CPU
		{7B3CE79E-A4CC-47CC-BC8C-2AB1DD0CBCFC}.Debug|Any CPU.Build.0 = Debug|Any CPU
		{7B3CE79E-A4CC-47CC-BC8C-2AB1DD0CBCFC}.Debug|x64.ActiveCfg = Debug|Any CPU
		{7B3CE79E-A4CC-47CC-BC8C-2AB1DD0CBCFC}.Debug|x86.ActiveCfg = Debug|Any CPU
		{7B3CE79E-A4CC-47CC-BC8C-2AB1DD0CBCFC}.Release|Any CPU.ActiveCfg = Release|Any CPU
		{7B3CE79E-A4CC-47CC-BC8C-2AB1DD0CBCFC}.Release|Any CPU.Build.0 = Release|Any CPU
		{7B3CE79E-A4CC-47CC-BC8C-2AB1DD0CBCFC}.Release|x64.ActiveCfg = Release|Any CPU
		{7B3CE79E-A4CC-47CC-BC8C-2AB1DD0CBCFC}.Release|x86.ActiveCfg = Release|Any CPU
		{61BCD393-5EBD-4C7A-8BF6-AF6883668FD4}.Debug|Any CPU.ActiveCfg = Debug|Any CPU
		{61BCD393-5EBD-4C7A-8BF6-AF6883668FD4}.Debug|Any CPU.Build.0 = Debug|Any CPU
		{61BCD393-5EBD-4C7A-8BF6-AF6883668FD4}.Debug|x64.ActiveCfg = Debug|Any CPU
		{61BCD393-5EBD-4C7A-8BF6-AF6883668FD4}.Debug|x86.ActiveCfg = Debug|Any CPU
		{61BCD393-5EBD-4C7A-8BF6-AF6883668FD4}.Release|Any CPU.ActiveCfg = Release|Any CPU
		{61BCD393-5EBD-4C7A-8BF6-AF6883668FD4}.Release|Any CPU.Build.0 = Release|Any CPU
		{61BCD393-5EBD-4C7A-8BF6-AF6883668FD4}.Release|x64.ActiveCfg = Release|Any CPU
		{61BCD393-5EBD-4C7A-8BF6-AF6883668FD4}.Release|x86.ActiveCfg = Release|Any CPU
		{2823D41F-FBA5-4832-AA96-95A2157E36C4}.Debug|Any CPU.ActiveCfg = Debug|Any CPU
		{2823D41F-FBA5-4832-AA96-95A2157E36C4}.Debug|Any CPU.Build.0 = Debug|Any CPU
		{2823D41F-FBA5-4832-AA96-95A2157E36C4}.Debug|x64.ActiveCfg = Debug|Any CPU
		{2823D41F-FBA5-4832-AA96-95A2157E36C4}.Debug|x86.ActiveCfg = Debug|Any CPU
		{2823D41F-FBA5-4832-AA96-95A2157E36C4}.Release|Any CPU.ActiveCfg = Release|Any CPU
		{2823D41F-FBA5-4832-AA96-95A2157E36C4}.Release|Any CPU.Build.0 = Release|Any CPU
		{2823D41F-FBA5-4832-AA96-95A2157E36C4}.Release|x64.ActiveCfg = Release|Any CPU
		{2823D41F-FBA5-4832-AA96-95A2157E36C4}.Release|x86.ActiveCfg = Release|Any CPU
		{49E587C6-EB00-4B8A-8DF6-FC2DEB5F77D7}.Debug|Any CPU.ActiveCfg = Debug|Any CPU
		{49E587C6-EB00-4B8A-8DF6-FC2DEB5F77D7}.Debug|Any CPU.Build.0 = Debug|Any CPU
		{49E587C6-EB00-4B8A-8DF6-FC2DEB5F77D7}.Debug|x64.ActiveCfg = Debug|Any CPU
		{49E587C6-EB00-4B8A-8DF6-FC2DEB5F77D7}.Debug|x86.ActiveCfg = Debug|Any CPU
		{49E587C6-EB00-4B8A-8DF6-FC2DEB5F77D7}.Release|Any CPU.ActiveCfg = Release|Any CPU
		{49E587C6-EB00-4B8A-8DF6-FC2DEB5F77D7}.Release|Any CPU.Build.0 = Release|Any CPU
		{49E587C6-EB00-4B8A-8DF6-FC2DEB5F77D7}.Release|x64.ActiveCfg = Release|Any CPU
		{49E587C6-EB00-4B8A-8DF6-FC2DEB5F77D7}.Release|x86.ActiveCfg = Release|Any CPU
		{1CB64236-0096-44C3-B951-5FD442B9D20C}.Debug|Any CPU.ActiveCfg = Debug|Any CPU
		{1CB64236-0096-44C3-B951-5FD442B9D20C}.Debug|Any CPU.Build.0 = Debug|Any CPU
		{1CB64236-0096-44C3-B951-5FD442B9D20C}.Debug|x64.ActiveCfg = Debug|Any CPU
		{1CB64236-0096-44C3-B951-5FD442B9D20C}.Debug|x86.ActiveCfg = Debug|Any CPU
		{1CB64236-0096-44C3-B951-5FD442B9D20C}.Release|Any CPU.ActiveCfg = Release|Any CPU
		{1CB64236-0096-44C3-B951-5FD442B9D20C}.Release|Any CPU.Build.0 = Release|Any CPU
		{1CB64236-0096-44C3-B951-5FD442B9D20C}.Release|x64.ActiveCfg = Release|Any CPU
		{1CB64236-0096-44C3-B951-5FD442B9D20C}.Release|x86.ActiveCfg = Release|Any CPU
		{2B495EF8-D6D0-4AC1-8AB6-557024532E7F}.Debug|Any CPU.ActiveCfg = Debug|Any CPU
		{2B495EF8-D6D0-4AC1-8AB6-557024532E7F}.Debug|Any CPU.Build.0 = Debug|Any CPU
		{2B495EF8-D6D0-4AC1-8AB6-557024532E7F}.Debug|x64.ActiveCfg = Debug|Any CPU
		{2B495EF8-D6D0-4AC1-8AB6-557024532E7F}.Debug|x86.ActiveCfg = Debug|x86
		{2B495EF8-D6D0-4AC1-8AB6-557024532E7F}.Debug|x86.Build.0 = Debug|x86
		{2B495EF8-D6D0-4AC1-8AB6-557024532E7F}.Release|Any CPU.ActiveCfg = Release|Any CPU
		{2B495EF8-D6D0-4AC1-8AB6-557024532E7F}.Release|Any CPU.Build.0 = Release|Any CPU
		{2B495EF8-D6D0-4AC1-8AB6-557024532E7F}.Release|x64.ActiveCfg = Release|Any CPU
		{2B495EF8-D6D0-4AC1-8AB6-557024532E7F}.Release|x86.ActiveCfg = Release|x86
		{2B495EF8-D6D0-4AC1-8AB6-557024532E7F}.Release|x86.Build.0 = Release|x86
		{4263F3AC-07AC-4EA0-AAC7-B51EBEF82FC4}.Debug|Any CPU.ActiveCfg = Debug|Any CPU
		{4263F3AC-07AC-4EA0-AAC7-B51EBEF82FC4}.Debug|Any CPU.Build.0 = Debug|Any CPU
		{4263F3AC-07AC-4EA0-AAC7-B51EBEF82FC4}.Debug|x64.ActiveCfg = Debug|Any CPU
		{4263F3AC-07AC-4EA0-AAC7-B51EBEF82FC4}.Debug|x86.ActiveCfg = Debug|Any CPU
		{4263F3AC-07AC-4EA0-AAC7-B51EBEF82FC4}.Release|Any CPU.ActiveCfg = Release|Any CPU
		{4263F3AC-07AC-4EA0-AAC7-B51EBEF82FC4}.Release|Any CPU.Build.0 = Release|Any CPU
		{4263F3AC-07AC-4EA0-AAC7-B51EBEF82FC4}.Release|x64.ActiveCfg = Release|Any CPU
		{4263F3AC-07AC-4EA0-AAC7-B51EBEF82FC4}.Release|x86.ActiveCfg = Release|Any CPU
		{B51EFB07-88BC-4584-A919-B9817AC5D574}.Debug|Any CPU.ActiveCfg = Debug|Any CPU
		{B51EFB07-88BC-4584-A919-B9817AC5D574}.Debug|Any CPU.Build.0 = Debug|Any CPU
		{B51EFB07-88BC-4584-A919-B9817AC5D574}.Debug|x64.ActiveCfg = Debug|Any CPU
		{B51EFB07-88BC-4584-A919-B9817AC5D574}.Debug|x86.ActiveCfg = Debug|Any CPU
		{B51EFB07-88BC-4584-A919-B9817AC5D574}.Release|Any CPU.ActiveCfg = Release|Any CPU
		{B51EFB07-88BC-4584-A919-B9817AC5D574}.Release|Any CPU.Build.0 = Release|Any CPU
		{B51EFB07-88BC-4584-A919-B9817AC5D574}.Release|x64.ActiveCfg = Release|Any CPU
		{B51EFB07-88BC-4584-A919-B9817AC5D574}.Release|x86.ActiveCfg = Release|Any CPU
		{F36EE86F-A742-4D24-9EAE-BB7726776EF3}.Debug|Any CPU.ActiveCfg = Debug|Any CPU
		{F36EE86F-A742-4D24-9EAE-BB7726776EF3}.Debug|Any CPU.Build.0 = Debug|Any CPU
		{F36EE86F-A742-4D24-9EAE-BB7726776EF3}.Debug|x64.ActiveCfg = Debug|Any CPU
		{F36EE86F-A742-4D24-9EAE-BB7726776EF3}.Debug|x86.ActiveCfg = Debug|Any CPU
		{F36EE86F-A742-4D24-9EAE-BB7726776EF3}.Release|Any CPU.ActiveCfg = Release|Any CPU
		{F36EE86F-A742-4D24-9EAE-BB7726776EF3}.Release|Any CPU.Build.0 = Release|Any CPU
		{F36EE86F-A742-4D24-9EAE-BB7726776EF3}.Release|x64.ActiveCfg = Release|Any CPU
		{F36EE86F-A742-4D24-9EAE-BB7726776EF3}.Release|x86.ActiveCfg = Release|Any CPU
		{9BD8CF8F-29CB-4F30-B611-D304443755E0}.Debug|Any CPU.ActiveCfg = Debug|Any CPU
		{9BD8CF8F-29CB-4F30-B611-D304443755E0}.Debug|Any CPU.Build.0 = Debug|Any CPU
		{9BD8CF8F-29CB-4F30-B611-D304443755E0}.Debug|x64.ActiveCfg = Debug|Any CPU
		{9BD8CF8F-29CB-4F30-B611-D304443755E0}.Debug|x86.ActiveCfg = Debug|Any CPU
		{9BD8CF8F-29CB-4F30-B611-D304443755E0}.Release|Any CPU.ActiveCfg = Release|Any CPU
		{9BD8CF8F-29CB-4F30-B611-D304443755E0}.Release|Any CPU.Build.0 = Release|Any CPU
		{9BD8CF8F-29CB-4F30-B611-D304443755E0}.Release|x64.ActiveCfg = Release|Any CPU
		{9BD8CF8F-29CB-4F30-B611-D304443755E0}.Release|x86.ActiveCfg = Release|Any CPU
		{BB14BA6A-CCDC-445C-AD00-1B6AF19FA44C}.Debug|Any CPU.ActiveCfg = Debug|Any CPU
		{BB14BA6A-CCDC-445C-AD00-1B6AF19FA44C}.Debug|Any CPU.Build.0 = Debug|Any CPU
		{BB14BA6A-CCDC-445C-AD00-1B6AF19FA44C}.Debug|x64.ActiveCfg = Debug|Any CPU
		{BB14BA6A-CCDC-445C-AD00-1B6AF19FA44C}.Debug|x86.ActiveCfg = Debug|Any CPU
		{BB14BA6A-CCDC-445C-AD00-1B6AF19FA44C}.Release|Any CPU.ActiveCfg = Release|Any CPU
		{BB14BA6A-CCDC-445C-AD00-1B6AF19FA44C}.Release|Any CPU.Build.0 = Release|Any CPU
		{BB14BA6A-CCDC-445C-AD00-1B6AF19FA44C}.Release|x64.ActiveCfg = Release|Any CPU
		{BB14BA6A-CCDC-445C-AD00-1B6AF19FA44C}.Release|x86.ActiveCfg = Release|Any CPU
		{266A6EB4-28E2-4FB1-9F36-761CE0748FBF}.Debug|Any CPU.ActiveCfg = Debug|Any CPU
		{266A6EB4-28E2-4FB1-9F36-761CE0748FBF}.Debug|Any CPU.Build.0 = Debug|Any CPU
		{266A6EB4-28E2-4FB1-9F36-761CE0748FBF}.Debug|x64.ActiveCfg = Debug|Any CPU
		{266A6EB4-28E2-4FB1-9F36-761CE0748FBF}.Debug|x86.ActiveCfg = Debug|Any CPU
		{266A6EB4-28E2-4FB1-9F36-761CE0748FBF}.Release|Any CPU.ActiveCfg = Release|Any CPU
		{266A6EB4-28E2-4FB1-9F36-761CE0748FBF}.Release|Any CPU.Build.0 = Release|Any CPU
		{266A6EB4-28E2-4FB1-9F36-761CE0748FBF}.Release|x64.ActiveCfg = Release|Any CPU
		{266A6EB4-28E2-4FB1-9F36-761CE0748FBF}.Release|x86.ActiveCfg = Release|Any CPU
		{10212C0D-1465-4B7E-B849-9E0C3E939F91}.Debug|Any CPU.ActiveCfg = Debug|Any CPU
		{10212C0D-1465-4B7E-B849-9E0C3E939F91}.Debug|Any CPU.Build.0 = Debug|Any CPU
		{10212C0D-1465-4B7E-B849-9E0C3E939F91}.Debug|x64.ActiveCfg = Debug|Any CPU
		{10212C0D-1465-4B7E-B849-9E0C3E939F91}.Debug|x86.ActiveCfg = Debug|Any CPU
		{10212C0D-1465-4B7E-B849-9E0C3E939F91}.Release|Any CPU.ActiveCfg = Release|Any CPU
		{10212C0D-1465-4B7E-B849-9E0C3E939F91}.Release|Any CPU.Build.0 = Release|Any CPU
		{10212C0D-1465-4B7E-B849-9E0C3E939F91}.Release|x64.ActiveCfg = Release|Any CPU
		{10212C0D-1465-4B7E-B849-9E0C3E939F91}.Release|x86.ActiveCfg = Release|Any CPU
		{51602D89-5917-46F4-A539-4FC045A44F77}.Debug|Any CPU.ActiveCfg = Debug|Any CPU
		{51602D89-5917-46F4-A539-4FC045A44F77}.Debug|Any CPU.Build.0 = Debug|Any CPU
		{51602D89-5917-46F4-A539-4FC045A44F77}.Debug|x64.ActiveCfg = Debug|x64
		{51602D89-5917-46F4-A539-4FC045A44F77}.Debug|x64.Build.0 = Debug|x64
		{51602D89-5917-46F4-A539-4FC045A44F77}.Debug|x86.ActiveCfg = Debug|x86
		{51602D89-5917-46F4-A539-4FC045A44F77}.Debug|x86.Build.0 = Debug|x86
		{51602D89-5917-46F4-A539-4FC045A44F77}.Release|Any CPU.ActiveCfg = Release|Any CPU
		{51602D89-5917-46F4-A539-4FC045A44F77}.Release|Any CPU.Build.0 = Release|Any CPU
		{51602D89-5917-46F4-A539-4FC045A44F77}.Release|x64.ActiveCfg = Release|x64
		{51602D89-5917-46F4-A539-4FC045A44F77}.Release|x64.Build.0 = Release|x64
		{51602D89-5917-46F4-A539-4FC045A44F77}.Release|x86.ActiveCfg = Release|x86
		{51602D89-5917-46F4-A539-4FC045A44F77}.Release|x86.Build.0 = Release|x86
		{49DA8B3C-DE3A-4CD4-9A97-8F84CF260CA4}.Debug|Any CPU.ActiveCfg = Debug|Any CPU
		{49DA8B3C-DE3A-4CD4-9A97-8F84CF260CA4}.Debug|Any CPU.Build.0 = Debug|Any CPU
		{49DA8B3C-DE3A-4CD4-9A97-8F84CF260CA4}.Debug|x64.ActiveCfg = Debug|x64
		{49DA8B3C-DE3A-4CD4-9A97-8F84CF260CA4}.Debug|x64.Build.0 = Debug|x64
		{49DA8B3C-DE3A-4CD4-9A97-8F84CF260CA4}.Debug|x86.ActiveCfg = Debug|Any CPU
		{49DA8B3C-DE3A-4CD4-9A97-8F84CF260CA4}.Release|Any CPU.ActiveCfg = Release|Any CPU
		{49DA8B3C-DE3A-4CD4-9A97-8F84CF260CA4}.Release|Any CPU.Build.0 = Release|Any CPU
		{49DA8B3C-DE3A-4CD4-9A97-8F84CF260CA4}.Release|x64.ActiveCfg = Release|x64
		{49DA8B3C-DE3A-4CD4-9A97-8F84CF260CA4}.Release|x64.Build.0 = Release|x64
		{49DA8B3C-DE3A-4CD4-9A97-8F84CF260CA4}.Release|x86.ActiveCfg = Release|Any CPU
		{18AD714C-21A7-469F-8391-DF09BA096E53}.Debug|Any CPU.ActiveCfg = Debug|Any CPU
		{18AD714C-21A7-469F-8391-DF09BA096E53}.Debug|Any CPU.Build.0 = Debug|Any CPU
		{18AD714C-21A7-469F-8391-DF09BA096E53}.Debug|x64.ActiveCfg = Debug|x64
		{18AD714C-21A7-469F-8391-DF09BA096E53}.Debug|x64.Build.0 = Debug|x64
		{18AD714C-21A7-469F-8391-DF09BA096E53}.Debug|x86.ActiveCfg = Debug|Any CPU
		{18AD714C-21A7-469F-8391-DF09BA096E53}.Release|Any CPU.ActiveCfg = Release|Any CPU
		{18AD714C-21A7-469F-8391-DF09BA096E53}.Release|Any CPU.Build.0 = Release|Any CPU
		{18AD714C-21A7-469F-8391-DF09BA096E53}.Release|x64.ActiveCfg = Release|x64
		{18AD714C-21A7-469F-8391-DF09BA096E53}.Release|x64.Build.0 = Release|x64
		{18AD714C-21A7-469F-8391-DF09BA096E53}.Release|x86.ActiveCfg = Release|Any CPU
		{404CEDA6-7DC7-410C-A234-7848E9E24590}.Debug|Any CPU.ActiveCfg = Debug|Any CPU
		{404CEDA6-7DC7-410C-A234-7848E9E24590}.Debug|Any CPU.Build.0 = Debug|Any CPU
		{404CEDA6-7DC7-410C-A234-7848E9E24590}.Debug|x64.ActiveCfg = Debug|x64
		{404CEDA6-7DC7-410C-A234-7848E9E24590}.Debug|x64.Build.0 = Debug|x64
		{404CEDA6-7DC7-410C-A234-7848E9E24590}.Debug|x86.ActiveCfg = Debug|Any CPU
		{404CEDA6-7DC7-410C-A234-7848E9E24590}.Release|Any CPU.ActiveCfg = Release|Any CPU
		{404CEDA6-7DC7-410C-A234-7848E9E24590}.Release|Any CPU.Build.0 = Release|Any CPU
		{404CEDA6-7DC7-410C-A234-7848E9E24590}.Release|x64.ActiveCfg = Release|x64
		{404CEDA6-7DC7-410C-A234-7848E9E24590}.Release|x64.Build.0 = Release|x64
		{404CEDA6-7DC7-410C-A234-7848E9E24590}.Release|x86.ActiveCfg = Release|Any CPU
		{F1AF3FB1-FEB1-4C3C-9C21-05D66BC2440E}.Debug|Any CPU.ActiveCfg = Debug|Any CPU
		{F1AF3FB1-FEB1-4C3C-9C21-05D66BC2440E}.Debug|Any CPU.Build.0 = Debug|Any CPU
		{F1AF3FB1-FEB1-4C3C-9C21-05D66BC2440E}.Debug|x64.ActiveCfg = Debug|x64
		{F1AF3FB1-FEB1-4C3C-9C21-05D66BC2440E}.Debug|x64.Build.0 = Debug|x64
		{F1AF3FB1-FEB1-4C3C-9C21-05D66BC2440E}.Debug|x86.ActiveCfg = Debug|Any CPU
		{F1AF3FB1-FEB1-4C3C-9C21-05D66BC2440E}.Release|Any CPU.ActiveCfg = Release|Any CPU
		{F1AF3FB1-FEB1-4C3C-9C21-05D66BC2440E}.Release|Any CPU.Build.0 = Release|Any CPU
		{F1AF3FB1-FEB1-4C3C-9C21-05D66BC2440E}.Release|x64.ActiveCfg = Release|x64
		{F1AF3FB1-FEB1-4C3C-9C21-05D66BC2440E}.Release|x64.Build.0 = Release|x64
		{F1AF3FB1-FEB1-4C3C-9C21-05D66BC2440E}.Release|x86.ActiveCfg = Release|Any CPU
		{A07AD6BF-1CC4-40F7-9B8D-FAC672395FE4}.Debug|Any CPU.ActiveCfg = Debug|Any CPU
		{A07AD6BF-1CC4-40F7-9B8D-FAC672395FE4}.Debug|Any CPU.Build.0 = Debug|Any CPU
		{A07AD6BF-1CC4-40F7-9B8D-FAC672395FE4}.Debug|x64.ActiveCfg = Debug|x64
		{A07AD6BF-1CC4-40F7-9B8D-FAC672395FE4}.Debug|x64.Build.0 = Debug|x64
		{A07AD6BF-1CC4-40F7-9B8D-FAC672395FE4}.Debug|x86.ActiveCfg = Debug|x86
		{A07AD6BF-1CC4-40F7-9B8D-FAC672395FE4}.Debug|x86.Build.0 = Debug|x86
		{A07AD6BF-1CC4-40F7-9B8D-FAC672395FE4}.Release|Any CPU.ActiveCfg = Release|Any CPU
		{A07AD6BF-1CC4-40F7-9B8D-FAC672395FE4}.Release|Any CPU.Build.0 = Release|Any CPU
		{A07AD6BF-1CC4-40F7-9B8D-FAC672395FE4}.Release|x64.ActiveCfg = Release|x64
		{A07AD6BF-1CC4-40F7-9B8D-FAC672395FE4}.Release|x64.Build.0 = Release|x64
		{A07AD6BF-1CC4-40F7-9B8D-FAC672395FE4}.Release|x86.ActiveCfg = Release|x86
		{A07AD6BF-1CC4-40F7-9B8D-FAC672395FE4}.Release|x86.Build.0 = Release|x86
		{9E310723-CB73-4929-A791-7400B7BD1AF7}.Debug|Any CPU.ActiveCfg = Debug|Any CPU
		{9E310723-CB73-4929-A791-7400B7BD1AF7}.Debug|Any CPU.Build.0 = Debug|Any CPU
		{9E310723-CB73-4929-A791-7400B7BD1AF7}.Debug|x64.ActiveCfg = Debug|x64
		{9E310723-CB73-4929-A791-7400B7BD1AF7}.Debug|x64.Build.0 = Debug|x64
		{9E310723-CB73-4929-A791-7400B7BD1AF7}.Debug|x86.ActiveCfg = Debug|Any CPU
		{9E310723-CB73-4929-A791-7400B7BD1AF7}.Release|Any CPU.ActiveCfg = Release|Any CPU
		{9E310723-CB73-4929-A791-7400B7BD1AF7}.Release|Any CPU.Build.0 = Release|Any CPU
		{9E310723-CB73-4929-A791-7400B7BD1AF7}.Release|x64.ActiveCfg = Release|x64
		{9E310723-CB73-4929-A791-7400B7BD1AF7}.Release|x64.Build.0 = Release|x64
		{9E310723-CB73-4929-A791-7400B7BD1AF7}.Release|x86.ActiveCfg = Release|Any CPU
		{5DE7FDE4-C876-48BC-8646-E3E0B82EBD06}.Debug|Any CPU.ActiveCfg = Debug|Any CPU
		{5DE7FDE4-C876-48BC-8646-E3E0B82EBD06}.Debug|Any CPU.Build.0 = Debug|Any CPU
		{5DE7FDE4-C876-48BC-8646-E3E0B82EBD06}.Debug|x64.ActiveCfg = Debug|Any CPU
		{5DE7FDE4-C876-48BC-8646-E3E0B82EBD06}.Debug|x86.ActiveCfg = Debug|x86
		{5DE7FDE4-C876-48BC-8646-E3E0B82EBD06}.Debug|x86.Build.0 = Debug|x86
		{5DE7FDE4-C876-48BC-8646-E3E0B82EBD06}.Release|Any CPU.ActiveCfg = Release|Any CPU
		{5DE7FDE4-C876-48BC-8646-E3E0B82EBD06}.Release|Any CPU.Build.0 = Release|Any CPU
		{5DE7FDE4-C876-48BC-8646-E3E0B82EBD06}.Release|x64.ActiveCfg = Release|Any CPU
		{5DE7FDE4-C876-48BC-8646-E3E0B82EBD06}.Release|x86.ActiveCfg = Release|x86
		{5DE7FDE4-C876-48BC-8646-E3E0B82EBD06}.Release|x86.Build.0 = Release|x86
		{33BDDE58-0C3A-4DA0-939B-CB671330D9D3}.Debug|Any CPU.ActiveCfg = Debug|Any CPU
		{33BDDE58-0C3A-4DA0-939B-CB671330D9D3}.Debug|Any CPU.Build.0 = Debug|Any CPU
		{33BDDE58-0C3A-4DA0-939B-CB671330D9D3}.Debug|x64.ActiveCfg = Debug|Any CPU
		{33BDDE58-0C3A-4DA0-939B-CB671330D9D3}.Debug|x86.ActiveCfg = Debug|Any CPU
		{33BDDE58-0C3A-4DA0-939B-CB671330D9D3}.Release|Any CPU.ActiveCfg = Release|Any CPU
		{33BDDE58-0C3A-4DA0-939B-CB671330D9D3}.Release|Any CPU.Build.0 = Release|Any CPU
		{33BDDE58-0C3A-4DA0-939B-CB671330D9D3}.Release|x64.ActiveCfg = Release|Any CPU
		{33BDDE58-0C3A-4DA0-939B-CB671330D9D3}.Release|x86.ActiveCfg = Release|Any CPU
		{BAE9DE21-8DA5-4E69-9160-73FFF2EFE3D8}.Debug|Any CPU.ActiveCfg = Debug|Any CPU
		{BAE9DE21-8DA5-4E69-9160-73FFF2EFE3D8}.Debug|Any CPU.Build.0 = Debug|Any CPU
		{BAE9DE21-8DA5-4E69-9160-73FFF2EFE3D8}.Debug|x64.ActiveCfg = Debug|Any CPU
		{BAE9DE21-8DA5-4E69-9160-73FFF2EFE3D8}.Debug|x86.ActiveCfg = Debug|Any CPU
		{BAE9DE21-8DA5-4E69-9160-73FFF2EFE3D8}.Release|Any CPU.ActiveCfg = Release|Any CPU
		{BAE9DE21-8DA5-4E69-9160-73FFF2EFE3D8}.Release|Any CPU.Build.0 = Release|Any CPU
		{BAE9DE21-8DA5-4E69-9160-73FFF2EFE3D8}.Release|x64.ActiveCfg = Release|Any CPU
		{BAE9DE21-8DA5-4E69-9160-73FFF2EFE3D8}.Release|x86.ActiveCfg = Release|Any CPU
		{E0F07463-C20C-4485-904B-6B609B14A349}.Debug|Any CPU.ActiveCfg = Debug|Any CPU
		{E0F07463-C20C-4485-904B-6B609B14A349}.Debug|Any CPU.Build.0 = Debug|Any CPU
		{E0F07463-C20C-4485-904B-6B609B14A349}.Debug|x64.ActiveCfg = Debug|Any CPU
		{E0F07463-C20C-4485-904B-6B609B14A349}.Debug|x86.ActiveCfg = Debug|Any CPU
		{E0F07463-C20C-4485-904B-6B609B14A349}.Release|Any CPU.ActiveCfg = Release|Any CPU
		{E0F07463-C20C-4485-904B-6B609B14A349}.Release|Any CPU.Build.0 = Release|Any CPU
		{E0F07463-C20C-4485-904B-6B609B14A349}.Release|x64.ActiveCfg = Release|Any CPU
		{E0F07463-C20C-4485-904B-6B609B14A349}.Release|x86.ActiveCfg = Release|Any CPU
		{8F220F11-F963-4704-A0F6-957DB23C816F}.Debug|Any CPU.ActiveCfg = Debug|Any CPU
		{8F220F11-F963-4704-A0F6-957DB23C816F}.Debug|Any CPU.Build.0 = Debug|Any CPU
		{8F220F11-F963-4704-A0F6-957DB23C816F}.Debug|x64.ActiveCfg = Debug|Any CPU
		{8F220F11-F963-4704-A0F6-957DB23C816F}.Debug|x86.ActiveCfg = Debug|Any CPU
		{8F220F11-F963-4704-A0F6-957DB23C816F}.Release|Any CPU.ActiveCfg = Release|Any CPU
		{8F220F11-F963-4704-A0F6-957DB23C816F}.Release|Any CPU.Build.0 = Release|Any CPU
		{8F220F11-F963-4704-A0F6-957DB23C816F}.Release|x64.ActiveCfg = Release|Any CPU
		{8F220F11-F963-4704-A0F6-957DB23C816F}.Release|x86.ActiveCfg = Release|Any CPU
		{3C743DC8-6A80-41A9-98CC-D1262569FEBB}.Debug|Any CPU.ActiveCfg = Debug|Any CPU
		{3C743DC8-6A80-41A9-98CC-D1262569FEBB}.Debug|Any CPU.Build.0 = Debug|Any CPU
		{3C743DC8-6A80-41A9-98CC-D1262569FEBB}.Debug|x64.ActiveCfg = Debug|Any CPU
		{3C743DC8-6A80-41A9-98CC-D1262569FEBB}.Debug|x86.ActiveCfg = Debug|Any CPU
		{3C743DC8-6A80-41A9-98CC-D1262569FEBB}.Release|Any CPU.ActiveCfg = Release|Any CPU
		{3C743DC8-6A80-41A9-98CC-D1262569FEBB}.Release|Any CPU.Build.0 = Release|Any CPU
		{3C743DC8-6A80-41A9-98CC-D1262569FEBB}.Release|x64.ActiveCfg = Release|Any CPU
		{3C743DC8-6A80-41A9-98CC-D1262569FEBB}.Release|x86.ActiveCfg = Release|Any CPU
		{54A88903-483E-46EC-82FC-5CCCC65D3952}.Debug|Any CPU.ActiveCfg = Debug|Any CPU
		{54A88903-483E-46EC-82FC-5CCCC65D3952}.Debug|Any CPU.Build.0 = Debug|Any CPU
		{54A88903-483E-46EC-82FC-5CCCC65D3952}.Debug|x64.ActiveCfg = Debug|Any CPU
		{54A88903-483E-46EC-82FC-5CCCC65D3952}.Debug|x86.ActiveCfg = Debug|Any CPU
		{54A88903-483E-46EC-82FC-5CCCC65D3952}.Release|Any CPU.ActiveCfg = Release|Any CPU
		{54A88903-483E-46EC-82FC-5CCCC65D3952}.Release|Any CPU.Build.0 = Release|Any CPU
		{54A88903-483E-46EC-82FC-5CCCC65D3952}.Release|x64.ActiveCfg = Release|Any CPU
		{54A88903-483E-46EC-82FC-5CCCC65D3952}.Release|x86.ActiveCfg = Release|Any CPU
		{5943E0E3-252D-4E7F-B8AB-A71DFF0E372B}.Debug|Any CPU.ActiveCfg = Debug|Any CPU
		{5943E0E3-252D-4E7F-B8AB-A71DFF0E372B}.Debug|Any CPU.Build.0 = Debug|Any CPU
		{5943E0E3-252D-4E7F-B8AB-A71DFF0E372B}.Debug|x64.ActiveCfg = Debug|Any CPU
		{5943E0E3-252D-4E7F-B8AB-A71DFF0E372B}.Debug|x86.ActiveCfg = Debug|Any CPU
		{5943E0E3-252D-4E7F-B8AB-A71DFF0E372B}.Release|Any CPU.ActiveCfg = Release|Any CPU
		{5943E0E3-252D-4E7F-B8AB-A71DFF0E372B}.Release|Any CPU.Build.0 = Release|Any CPU
		{5943E0E3-252D-4E7F-B8AB-A71DFF0E372B}.Release|x64.ActiveCfg = Release|Any CPU
		{5943E0E3-252D-4E7F-B8AB-A71DFF0E372B}.Release|x86.ActiveCfg = Release|Any CPU
		{20F4FFBF-34AA-4FD1-839F-05FDE1C3EDE8}.Debug|Any CPU.ActiveCfg = Debug|Any CPU
		{20F4FFBF-34AA-4FD1-839F-05FDE1C3EDE8}.Debug|Any CPU.Build.0 = Debug|Any CPU
		{20F4FFBF-34AA-4FD1-839F-05FDE1C3EDE8}.Debug|x64.ActiveCfg = Debug|Any CPU
		{20F4FFBF-34AA-4FD1-839F-05FDE1C3EDE8}.Debug|x86.ActiveCfg = Debug|Any CPU
		{20F4FFBF-34AA-4FD1-839F-05FDE1C3EDE8}.Release|Any CPU.ActiveCfg = Release|Any CPU
		{20F4FFBF-34AA-4FD1-839F-05FDE1C3EDE8}.Release|Any CPU.Build.0 = Release|Any CPU
		{20F4FFBF-34AA-4FD1-839F-05FDE1C3EDE8}.Release|x64.ActiveCfg = Release|Any CPU
		{20F4FFBF-34AA-4FD1-839F-05FDE1C3EDE8}.Release|x86.ActiveCfg = Release|Any CPU
		{6A7019E1-3A17-490E-B49B-1A87E225700E}.Debug|Any CPU.ActiveCfg = Debug|Any CPU
		{6A7019E1-3A17-490E-B49B-1A87E225700E}.Debug|Any CPU.Build.0 = Debug|Any CPU
		{6A7019E1-3A17-490E-B49B-1A87E225700E}.Debug|x64.ActiveCfg = Debug|x64
		{6A7019E1-3A17-490E-B49B-1A87E225700E}.Debug|x64.Build.0 = Debug|x64
		{6A7019E1-3A17-490E-B49B-1A87E225700E}.Debug|x86.ActiveCfg = Debug|x86
		{6A7019E1-3A17-490E-B49B-1A87E225700E}.Debug|x86.Build.0 = Debug|x86
		{6A7019E1-3A17-490E-B49B-1A87E225700E}.Release|Any CPU.ActiveCfg = Release|Any CPU
		{6A7019E1-3A17-490E-B49B-1A87E225700E}.Release|Any CPU.Build.0 = Release|Any CPU
		{6A7019E1-3A17-490E-B49B-1A87E225700E}.Release|x64.ActiveCfg = Release|x64
		{6A7019E1-3A17-490E-B49B-1A87E225700E}.Release|x64.Build.0 = Release|x64
		{6A7019E1-3A17-490E-B49B-1A87E225700E}.Release|x86.ActiveCfg = Release|x86
		{6A7019E1-3A17-490E-B49B-1A87E225700E}.Release|x86.Build.0 = Release|x86
		{3117F356-830F-4D37-9526-428FFDEF7C01}.Debug|Any CPU.ActiveCfg = Debug|Any CPU
		{3117F356-830F-4D37-9526-428FFDEF7C01}.Debug|Any CPU.Build.0 = Debug|Any CPU
		{3117F356-830F-4D37-9526-428FFDEF7C01}.Debug|x64.ActiveCfg = Debug|Any CPU
		{3117F356-830F-4D37-9526-428FFDEF7C01}.Debug|x86.ActiveCfg = Debug|Any CPU
		{3117F356-830F-4D37-9526-428FFDEF7C01}.Release|Any CPU.ActiveCfg = Release|Any CPU
		{3117F356-830F-4D37-9526-428FFDEF7C01}.Release|Any CPU.Build.0 = Release|Any CPU
		{3117F356-830F-4D37-9526-428FFDEF7C01}.Release|x64.ActiveCfg = Release|Any CPU
		{3117F356-830F-4D37-9526-428FFDEF7C01}.Release|x86.ActiveCfg = Release|Any CPU
		{204AC0F4-ED38-42F2-9D48-2DCFDBA190E2}.Debug|Any CPU.ActiveCfg = Debug|Any CPU
		{204AC0F4-ED38-42F2-9D48-2DCFDBA190E2}.Debug|Any CPU.Build.0 = Debug|Any CPU
		{204AC0F4-ED38-42F2-9D48-2DCFDBA190E2}.Debug|x64.ActiveCfg = Debug|Any CPU
		{204AC0F4-ED38-42F2-9D48-2DCFDBA190E2}.Debug|x86.ActiveCfg = Debug|Any CPU
		{204AC0F4-ED38-42F2-9D48-2DCFDBA190E2}.Release|Any CPU.ActiveCfg = Release|Any CPU
		{204AC0F4-ED38-42F2-9D48-2DCFDBA190E2}.Release|Any CPU.Build.0 = Release|Any CPU
		{204AC0F4-ED38-42F2-9D48-2DCFDBA190E2}.Release|x64.ActiveCfg = Release|Any CPU
		{204AC0F4-ED38-42F2-9D48-2DCFDBA190E2}.Release|x86.ActiveCfg = Release|Any CPU
		{D8F90A86-599E-414E-8EAE-391F32FE6E42}.Debug|Any CPU.ActiveCfg = Debug|Any CPU
		{D8F90A86-599E-414E-8EAE-391F32FE6E42}.Debug|Any CPU.Build.0 = Debug|Any CPU
		{D8F90A86-599E-414E-8EAE-391F32FE6E42}.Debug|x64.ActiveCfg = Debug|x64
		{D8F90A86-599E-414E-8EAE-391F32FE6E42}.Debug|x64.Build.0 = Debug|x64
		{D8F90A86-599E-414E-8EAE-391F32FE6E42}.Debug|x86.ActiveCfg = Debug|Any CPU
		{D8F90A86-599E-414E-8EAE-391F32FE6E42}.Release|Any CPU.ActiveCfg = Release|Any CPU
		{D8F90A86-599E-414E-8EAE-391F32FE6E42}.Release|Any CPU.Build.0 = Release|Any CPU
		{D8F90A86-599E-414E-8EAE-391F32FE6E42}.Release|x64.ActiveCfg = Release|x64
		{D8F90A86-599E-414E-8EAE-391F32FE6E42}.Release|x64.Build.0 = Release|x64
		{D8F90A86-599E-414E-8EAE-391F32FE6E42}.Release|x86.ActiveCfg = Release|Any CPU
		{EE66F508-5C6F-40F4-83EF-04A09660C7AF}.Debug|Any CPU.ActiveCfg = Debug|Any CPU
		{EE66F508-5C6F-40F4-83EF-04A09660C7AF}.Debug|Any CPU.Build.0 = Debug|Any CPU
		{EE66F508-5C6F-40F4-83EF-04A09660C7AF}.Debug|x64.ActiveCfg = Debug|x64
		{EE66F508-5C6F-40F4-83EF-04A09660C7AF}.Debug|x64.Build.0 = Debug|x64
		{EE66F508-5C6F-40F4-83EF-04A09660C7AF}.Debug|x86.ActiveCfg = Debug|x86
		{EE66F508-5C6F-40F4-83EF-04A09660C7AF}.Debug|x86.Build.0 = Debug|x86
		{EE66F508-5C6F-40F4-83EF-04A09660C7AF}.Release|Any CPU.ActiveCfg = Release|Any CPU
		{EE66F508-5C6F-40F4-83EF-04A09660C7AF}.Release|Any CPU.Build.0 = Release|Any CPU
		{EE66F508-5C6F-40F4-83EF-04A09660C7AF}.Release|x64.ActiveCfg = Release|x64
		{EE66F508-5C6F-40F4-83EF-04A09660C7AF}.Release|x64.Build.0 = Release|x64
		{EE66F508-5C6F-40F4-83EF-04A09660C7AF}.Release|x86.ActiveCfg = Release|x86
		{EE66F508-5C6F-40F4-83EF-04A09660C7AF}.Release|x86.Build.0 = Release|x86
		{0D964240-A024-4F9E-93A5-E979001E110F}.Debug|Any CPU.ActiveCfg = Debug|Any CPU
		{0D964240-A024-4F9E-93A5-E979001E110F}.Debug|Any CPU.Build.0 = Debug|Any CPU
		{0D964240-A024-4F9E-93A5-E979001E110F}.Debug|x64.ActiveCfg = Debug|Any CPU
		{0D964240-A024-4F9E-93A5-E979001E110F}.Debug|x86.ActiveCfg = Debug|Any CPU
		{0D964240-A024-4F9E-93A5-E979001E110F}.Release|Any CPU.ActiveCfg = Release|Any CPU
		{0D964240-A024-4F9E-93A5-E979001E110F}.Release|Any CPU.Build.0 = Release|Any CPU
		{0D964240-A024-4F9E-93A5-E979001E110F}.Release|x64.ActiveCfg = Release|Any CPU
		{0D964240-A024-4F9E-93A5-E979001E110F}.Release|x86.ActiveCfg = Release|Any CPU
		{47E2E807-3BC3-4562-B662-ECB3F8A4E140}.Debug|Any CPU.ActiveCfg = Debug|Any CPU
		{47E2E807-3BC3-4562-B662-ECB3F8A4E140}.Debug|Any CPU.Build.0 = Debug|Any CPU
		{47E2E807-3BC3-4562-B662-ECB3F8A4E140}.Debug|x64.ActiveCfg = Debug|Any CPU
		{47E2E807-3BC3-4562-B662-ECB3F8A4E140}.Debug|x86.ActiveCfg = Debug|Any CPU
		{47E2E807-3BC3-4562-B662-ECB3F8A4E140}.Release|Any CPU.ActiveCfg = Release|Any CPU
		{47E2E807-3BC3-4562-B662-ECB3F8A4E140}.Release|Any CPU.Build.0 = Release|Any CPU
		{47E2E807-3BC3-4562-B662-ECB3F8A4E140}.Release|x64.ActiveCfg = Release|Any CPU
		{47E2E807-3BC3-4562-B662-ECB3F8A4E140}.Release|x86.ActiveCfg = Release|Any CPU
		{08D2BA6F-68A8-4D7F-8135-3CCAE1509D81}.Debug|Any CPU.ActiveCfg = Debug|Any CPU
		{08D2BA6F-68A8-4D7F-8135-3CCAE1509D81}.Debug|Any CPU.Build.0 = Debug|Any CPU
		{08D2BA6F-68A8-4D7F-8135-3CCAE1509D81}.Debug|x64.ActiveCfg = Debug|Any CPU
		{08D2BA6F-68A8-4D7F-8135-3CCAE1509D81}.Debug|x86.ActiveCfg = Debug|Any CPU
		{08D2BA6F-68A8-4D7F-8135-3CCAE1509D81}.Release|Any CPU.ActiveCfg = Release|Any CPU
		{08D2BA6F-68A8-4D7F-8135-3CCAE1509D81}.Release|Any CPU.Build.0 = Release|Any CPU
		{08D2BA6F-68A8-4D7F-8135-3CCAE1509D81}.Release|x64.ActiveCfg = Release|Any CPU
		{08D2BA6F-68A8-4D7F-8135-3CCAE1509D81}.Release|x86.ActiveCfg = Release|Any CPU
		{02C0035D-B1EA-4B2F-931D-A5CD2893DBEB}.Debug|Any CPU.ActiveCfg = Debug|Any CPU
		{02C0035D-B1EA-4B2F-931D-A5CD2893DBEB}.Debug|Any CPU.Build.0 = Debug|Any CPU
		{02C0035D-B1EA-4B2F-931D-A5CD2893DBEB}.Debug|x64.ActiveCfg = Debug|Any CPU
		{02C0035D-B1EA-4B2F-931D-A5CD2893DBEB}.Debug|x86.ActiveCfg = Debug|Any CPU
		{02C0035D-B1EA-4B2F-931D-A5CD2893DBEB}.Release|Any CPU.ActiveCfg = Release|Any CPU
		{02C0035D-B1EA-4B2F-931D-A5CD2893DBEB}.Release|Any CPU.Build.0 = Release|Any CPU
		{02C0035D-B1EA-4B2F-931D-A5CD2893DBEB}.Release|x64.ActiveCfg = Release|Any CPU
		{02C0035D-B1EA-4B2F-931D-A5CD2893DBEB}.Release|x86.ActiveCfg = Release|Any CPU
		{ED6E2576-1435-4E2B-B7C5-EE77CDCBF51D}.Debug|Any CPU.ActiveCfg = Debug|Any CPU
		{ED6E2576-1435-4E2B-B7C5-EE77CDCBF51D}.Debug|Any CPU.Build.0 = Debug|Any CPU
		{ED6E2576-1435-4E2B-B7C5-EE77CDCBF51D}.Debug|x64.ActiveCfg = Debug|Any CPU
		{ED6E2576-1435-4E2B-B7C5-EE77CDCBF51D}.Debug|x86.ActiveCfg = Debug|Any CPU
		{ED6E2576-1435-4E2B-B7C5-EE77CDCBF51D}.Release|Any CPU.ActiveCfg = Release|Any CPU
		{ED6E2576-1435-4E2B-B7C5-EE77CDCBF51D}.Release|Any CPU.Build.0 = Release|Any CPU
		{ED6E2576-1435-4E2B-B7C5-EE77CDCBF51D}.Release|x64.ActiveCfg = Release|Any CPU
		{ED6E2576-1435-4E2B-B7C5-EE77CDCBF51D}.Release|x86.ActiveCfg = Release|Any CPU
		{294AA5AC-D7F5-446A-BCC0-3DCC556235BA}.Debug|Any CPU.ActiveCfg = Debug|Any CPU
		{294AA5AC-D7F5-446A-BCC0-3DCC556235BA}.Debug|Any CPU.Build.0 = Debug|Any CPU
		{294AA5AC-D7F5-446A-BCC0-3DCC556235BA}.Debug|x64.ActiveCfg = Debug|Any CPU
		{294AA5AC-D7F5-446A-BCC0-3DCC556235BA}.Debug|x86.ActiveCfg = Debug|Any CPU
		{294AA5AC-D7F5-446A-BCC0-3DCC556235BA}.Release|Any CPU.ActiveCfg = Release|Any CPU
		{294AA5AC-D7F5-446A-BCC0-3DCC556235BA}.Release|Any CPU.Build.0 = Release|Any CPU
		{294AA5AC-D7F5-446A-BCC0-3DCC556235BA}.Release|x64.ActiveCfg = Release|Any CPU
		{294AA5AC-D7F5-446A-BCC0-3DCC556235BA}.Release|x86.ActiveCfg = Release|Any CPU
		{C1E94570-387E-49F1-B1B4-6EBFA0611A87}.Debug|Any CPU.ActiveCfg = Debug|Any CPU
		{C1E94570-387E-49F1-B1B4-6EBFA0611A87}.Debug|Any CPU.Build.0 = Debug|Any CPU
		{C1E94570-387E-49F1-B1B4-6EBFA0611A87}.Debug|x64.ActiveCfg = Debug|Any CPU
		{C1E94570-387E-49F1-B1B4-6EBFA0611A87}.Debug|x86.ActiveCfg = Debug|Any CPU
		{C1E94570-387E-49F1-B1B4-6EBFA0611A87}.Release|Any CPU.ActiveCfg = Release|Any CPU
		{C1E94570-387E-49F1-B1B4-6EBFA0611A87}.Release|Any CPU.Build.0 = Release|Any CPU
		{C1E94570-387E-49F1-B1B4-6EBFA0611A87}.Release|x64.ActiveCfg = Release|Any CPU
		{C1E94570-387E-49F1-B1B4-6EBFA0611A87}.Release|x86.ActiveCfg = Release|Any CPU
		{961B8EEA-4645-444F-9F6D-34EAF3CCC455}.Debug|Any CPU.ActiveCfg = Debug|Any CPU
		{961B8EEA-4645-444F-9F6D-34EAF3CCC455}.Debug|Any CPU.Build.0 = Debug|Any CPU
		{961B8EEA-4645-444F-9F6D-34EAF3CCC455}.Debug|x64.ActiveCfg = Debug|Any CPU
		{961B8EEA-4645-444F-9F6D-34EAF3CCC455}.Debug|x86.ActiveCfg = Debug|Any CPU
		{961B8EEA-4645-444F-9F6D-34EAF3CCC455}.Release|Any CPU.ActiveCfg = Release|Any CPU
		{961B8EEA-4645-444F-9F6D-34EAF3CCC455}.Release|Any CPU.Build.0 = Release|Any CPU
		{961B8EEA-4645-444F-9F6D-34EAF3CCC455}.Release|x64.ActiveCfg = Release|Any CPU
		{961B8EEA-4645-444F-9F6D-34EAF3CCC455}.Release|x86.ActiveCfg = Release|Any CPU
		{73DBDF46-87FE-46B8-864D-22D6617244AB}.Debug|Any CPU.ActiveCfg = Debug|Any CPU
		{73DBDF46-87FE-46B8-864D-22D6617244AB}.Debug|Any CPU.Build.0 = Debug|Any CPU
		{73DBDF46-87FE-46B8-864D-22D6617244AB}.Debug|x64.ActiveCfg = Debug|Any CPU
		{73DBDF46-87FE-46B8-864D-22D6617244AB}.Debug|x86.ActiveCfg = Debug|Any CPU
		{73DBDF46-87FE-46B8-864D-22D6617244AB}.Release|Any CPU.ActiveCfg = Release|Any CPU
		{73DBDF46-87FE-46B8-864D-22D6617244AB}.Release|Any CPU.Build.0 = Release|Any CPU
		{73DBDF46-87FE-46B8-864D-22D6617244AB}.Release|x64.ActiveCfg = Release|Any CPU
		{73DBDF46-87FE-46B8-864D-22D6617244AB}.Release|x86.ActiveCfg = Release|Any CPU
		{200007D1-AE42-4206-A3B0-978CB0AD7B03}.Debug|Any CPU.ActiveCfg = Debug|Any CPU
		{200007D1-AE42-4206-A3B0-978CB0AD7B03}.Debug|Any CPU.Build.0 = Debug|Any CPU
		{200007D1-AE42-4206-A3B0-978CB0AD7B03}.Debug|x64.ActiveCfg = Debug|Any CPU
		{200007D1-AE42-4206-A3B0-978CB0AD7B03}.Debug|x86.ActiveCfg = Debug|Any CPU
		{200007D1-AE42-4206-A3B0-978CB0AD7B03}.Release|Any CPU.ActiveCfg = Release|Any CPU
		{200007D1-AE42-4206-A3B0-978CB0AD7B03}.Release|Any CPU.Build.0 = Release|Any CPU
		{200007D1-AE42-4206-A3B0-978CB0AD7B03}.Release|x64.ActiveCfg = Release|Any CPU
		{200007D1-AE42-4206-A3B0-978CB0AD7B03}.Release|x86.ActiveCfg = Release|Any CPU
		{08FC44E2-AF2F-48FC-B42B-4D1D4D03D12A}.Debug|Any CPU.ActiveCfg = Debug|Any CPU
		{08FC44E2-AF2F-48FC-B42B-4D1D4D03D12A}.Debug|Any CPU.Build.0 = Debug|Any CPU
		{08FC44E2-AF2F-48FC-B42B-4D1D4D03D12A}.Debug|x64.ActiveCfg = Debug|Any CPU
		{08FC44E2-AF2F-48FC-B42B-4D1D4D03D12A}.Debug|x86.ActiveCfg = Debug|Any CPU
		{08FC44E2-AF2F-48FC-B42B-4D1D4D03D12A}.Release|Any CPU.ActiveCfg = Release|Any CPU
		{08FC44E2-AF2F-48FC-B42B-4D1D4D03D12A}.Release|Any CPU.Build.0 = Release|Any CPU
		{08FC44E2-AF2F-48FC-B42B-4D1D4D03D12A}.Release|x64.ActiveCfg = Release|Any CPU
		{08FC44E2-AF2F-48FC-B42B-4D1D4D03D12A}.Release|x86.ActiveCfg = Release|Any CPU
		{4C70ABF0-BACE-4ADE-9D24-8698AA820E77}.Debug|Any CPU.ActiveCfg = Debug|Any CPU
		{4C70ABF0-BACE-4ADE-9D24-8698AA820E77}.Debug|Any CPU.Build.0 = Debug|Any CPU
		{4C70ABF0-BACE-4ADE-9D24-8698AA820E77}.Debug|x64.ActiveCfg = Debug|Any CPU
		{4C70ABF0-BACE-4ADE-9D24-8698AA820E77}.Debug|x86.ActiveCfg = Debug|Any CPU
		{4C70ABF0-BACE-4ADE-9D24-8698AA820E77}.Release|Any CPU.ActiveCfg = Release|Any CPU
		{4C70ABF0-BACE-4ADE-9D24-8698AA820E77}.Release|Any CPU.Build.0 = Release|Any CPU
		{4C70ABF0-BACE-4ADE-9D24-8698AA820E77}.Release|x64.ActiveCfg = Release|Any CPU
		{4C70ABF0-BACE-4ADE-9D24-8698AA820E77}.Release|x86.ActiveCfg = Release|Any CPU
		{84EFAB5B-9A62-42F8-AA28-31390C096B8C}.Debug|Any CPU.ActiveCfg = Debug|Any CPU
		{84EFAB5B-9A62-42F8-AA28-31390C096B8C}.Debug|Any CPU.Build.0 = Debug|Any CPU
		{84EFAB5B-9A62-42F8-AA28-31390C096B8C}.Debug|x64.ActiveCfg = Debug|Any CPU
		{84EFAB5B-9A62-42F8-AA28-31390C096B8C}.Debug|x86.ActiveCfg = Debug|Any CPU
		{84EFAB5B-9A62-42F8-AA28-31390C096B8C}.Release|Any CPU.ActiveCfg = Release|Any CPU
		{84EFAB5B-9A62-42F8-AA28-31390C096B8C}.Release|Any CPU.Build.0 = Release|Any CPU
		{84EFAB5B-9A62-42F8-AA28-31390C096B8C}.Release|x64.ActiveCfg = Release|Any CPU
		{84EFAB5B-9A62-42F8-AA28-31390C096B8C}.Release|x86.ActiveCfg = Release|Any CPU
		{2D27FF5D-1418-432F-9D4B-F5A44335CF76}.Debug|Any CPU.ActiveCfg = Debug|Any CPU
		{2D27FF5D-1418-432F-9D4B-F5A44335CF76}.Debug|Any CPU.Build.0 = Debug|Any CPU
		{2D27FF5D-1418-432F-9D4B-F5A44335CF76}.Debug|x64.ActiveCfg = Debug|Any CPU
		{2D27FF5D-1418-432F-9D4B-F5A44335CF76}.Debug|x86.ActiveCfg = Debug|Any CPU
		{2D27FF5D-1418-432F-9D4B-F5A44335CF76}.Release|Any CPU.ActiveCfg = Release|Any CPU
		{2D27FF5D-1418-432F-9D4B-F5A44335CF76}.Release|Any CPU.Build.0 = Release|Any CPU
		{2D27FF5D-1418-432F-9D4B-F5A44335CF76}.Release|x64.ActiveCfg = Release|Any CPU
		{2D27FF5D-1418-432F-9D4B-F5A44335CF76}.Release|x86.ActiveCfg = Release|Any CPU
		{ECF659D5-F359-4BE0-9952-1C9D857961BF}.Debug|Any CPU.ActiveCfg = Debug|Any CPU
		{ECF659D5-F359-4BE0-9952-1C9D857961BF}.Debug|Any CPU.Build.0 = Debug|Any CPU
		{ECF659D5-F359-4BE0-9952-1C9D857961BF}.Debug|x64.ActiveCfg = Debug|Any CPU
		{ECF659D5-F359-4BE0-9952-1C9D857961BF}.Debug|x86.ActiveCfg = Debug|Any CPU
		{ECF659D5-F359-4BE0-9952-1C9D857961BF}.Release|Any CPU.ActiveCfg = Release|Any CPU
		{ECF659D5-F359-4BE0-9952-1C9D857961BF}.Release|Any CPU.Build.0 = Release|Any CPU
		{ECF659D5-F359-4BE0-9952-1C9D857961BF}.Release|x64.ActiveCfg = Release|Any CPU
		{ECF659D5-F359-4BE0-9952-1C9D857961BF}.Release|x86.ActiveCfg = Release|Any CPU
		{F68B84FD-59A7-45DA-8279-9634D87BAD84}.Debug|Any CPU.ActiveCfg = Debug|Any CPU
		{F68B84FD-59A7-45DA-8279-9634D87BAD84}.Debug|Any CPU.Build.0 = Debug|Any CPU
		{F68B84FD-59A7-45DA-8279-9634D87BAD84}.Debug|x64.ActiveCfg = Debug|Any CPU
		{F68B84FD-59A7-45DA-8279-9634D87BAD84}.Debug|x86.ActiveCfg = Debug|Any CPU
		{F68B84FD-59A7-45DA-8279-9634D87BAD84}.Release|Any CPU.ActiveCfg = Release|Any CPU
		{F68B84FD-59A7-45DA-8279-9634D87BAD84}.Release|Any CPU.Build.0 = Release|Any CPU
		{F68B84FD-59A7-45DA-8279-9634D87BAD84}.Release|x64.ActiveCfg = Release|Any CPU
		{F68B84FD-59A7-45DA-8279-9634D87BAD84}.Release|x86.ActiveCfg = Release|Any CPU
		{2CB08D7F-5616-4371-B16C-5073A5B32E98}.Debug|Any CPU.ActiveCfg = Debug|Any CPU
		{2CB08D7F-5616-4371-B16C-5073A5B32E98}.Debug|Any CPU.Build.0 = Debug|Any CPU
		{2CB08D7F-5616-4371-B16C-5073A5B32E98}.Debug|x64.ActiveCfg = Debug|Any CPU
		{2CB08D7F-5616-4371-B16C-5073A5B32E98}.Debug|x86.ActiveCfg = Debug|x86
		{2CB08D7F-5616-4371-B16C-5073A5B32E98}.Debug|x86.Build.0 = Debug|x86
		{2CB08D7F-5616-4371-B16C-5073A5B32E98}.Release|Any CPU.ActiveCfg = Release|Any CPU
		{2CB08D7F-5616-4371-B16C-5073A5B32E98}.Release|Any CPU.Build.0 = Release|Any CPU
		{2CB08D7F-5616-4371-B16C-5073A5B32E98}.Release|x64.ActiveCfg = Release|Any CPU
		{2CB08D7F-5616-4371-B16C-5073A5B32E98}.Release|x86.ActiveCfg = Release|x86
		{2CB08D7F-5616-4371-B16C-5073A5B32E98}.Release|x86.Build.0 = Release|x86
		{D85CAB4B-6C6F-48A7-83D3-E9FEBB8FE4DC}.Debug|Any CPU.ActiveCfg = Debug|Any CPU
		{D85CAB4B-6C6F-48A7-83D3-E9FEBB8FE4DC}.Debug|Any CPU.Build.0 = Debug|Any CPU
		{D85CAB4B-6C6F-48A7-83D3-E9FEBB8FE4DC}.Debug|x64.ActiveCfg = Debug|Any CPU
		{D85CAB4B-6C6F-48A7-83D3-E9FEBB8FE4DC}.Debug|x86.ActiveCfg = Debug|Any CPU
		{D85CAB4B-6C6F-48A7-83D3-E9FEBB8FE4DC}.Release|Any CPU.ActiveCfg = Release|Any CPU
		{D85CAB4B-6C6F-48A7-83D3-E9FEBB8FE4DC}.Release|Any CPU.Build.0 = Release|Any CPU
		{D85CAB4B-6C6F-48A7-83D3-E9FEBB8FE4DC}.Release|x64.ActiveCfg = Release|Any CPU
		{D85CAB4B-6C6F-48A7-83D3-E9FEBB8FE4DC}.Release|x86.ActiveCfg = Release|Any CPU
		{9B98B2AA-EB03-40CA-B715-E79B2AABB082}.Debug|Any CPU.ActiveCfg = Debug|Any CPU
		{9B98B2AA-EB03-40CA-B715-E79B2AABB082}.Debug|Any CPU.Build.0 = Debug|Any CPU
		{9B98B2AA-EB03-40CA-B715-E79B2AABB082}.Debug|x64.ActiveCfg = Debug|Any CPU
		{9B98B2AA-EB03-40CA-B715-E79B2AABB082}.Debug|x86.ActiveCfg = Debug|Any CPU
		{9B98B2AA-EB03-40CA-B715-E79B2AABB082}.Release|Any CPU.ActiveCfg = Release|Any CPU
		{9B98B2AA-EB03-40CA-B715-E79B2AABB082}.Release|Any CPU.Build.0 = Release|Any CPU
		{9B98B2AA-EB03-40CA-B715-E79B2AABB082}.Release|x64.ActiveCfg = Release|Any CPU
		{9B98B2AA-EB03-40CA-B715-E79B2AABB082}.Release|x86.ActiveCfg = Release|Any CPU
		{64D83CC0-7D92-455F-9382-9FDA8DFA9CAB}.Debug|Any CPU.ActiveCfg = Debug|Any CPU
		{64D83CC0-7D92-455F-9382-9FDA8DFA9CAB}.Debug|Any CPU.Build.0 = Debug|Any CPU
		{64D83CC0-7D92-455F-9382-9FDA8DFA9CAB}.Debug|x64.ActiveCfg = Debug|Any CPU
		{64D83CC0-7D92-455F-9382-9FDA8DFA9CAB}.Debug|x86.ActiveCfg = Debug|Any CPU
		{64D83CC0-7D92-455F-9382-9FDA8DFA9CAB}.Release|Any CPU.ActiveCfg = Release|Any CPU
		{64D83CC0-7D92-455F-9382-9FDA8DFA9CAB}.Release|Any CPU.Build.0 = Release|Any CPU
		{64D83CC0-7D92-455F-9382-9FDA8DFA9CAB}.Release|x64.ActiveCfg = Release|Any CPU
		{64D83CC0-7D92-455F-9382-9FDA8DFA9CAB}.Release|x86.ActiveCfg = Release|Any CPU
		{F13F21B9-5D8A-4A3E-9A6C-1AB9621F0D30}.Debug|Any CPU.ActiveCfg = Debug|Any CPU
		{F13F21B9-5D8A-4A3E-9A6C-1AB9621F0D30}.Debug|Any CPU.Build.0 = Debug|Any CPU
		{F13F21B9-5D8A-4A3E-9A6C-1AB9621F0D30}.Debug|x64.ActiveCfg = Debug|Any CPU
		{F13F21B9-5D8A-4A3E-9A6C-1AB9621F0D30}.Debug|x86.ActiveCfg = Debug|Any CPU
		{F13F21B9-5D8A-4A3E-9A6C-1AB9621F0D30}.Release|Any CPU.ActiveCfg = Release|Any CPU
		{F13F21B9-5D8A-4A3E-9A6C-1AB9621F0D30}.Release|Any CPU.Build.0 = Release|Any CPU
		{F13F21B9-5D8A-4A3E-9A6C-1AB9621F0D30}.Release|x64.ActiveCfg = Release|Any CPU
		{F13F21B9-5D8A-4A3E-9A6C-1AB9621F0D30}.Release|x86.ActiveCfg = Release|Any CPU
		{D55511C9-6325-4F53-8E69-0D1E0B0AFCDF}.Debug|Any CPU.ActiveCfg = Debug|Any CPU
		{D55511C9-6325-4F53-8E69-0D1E0B0AFCDF}.Debug|Any CPU.Build.0 = Debug|Any CPU
		{D55511C9-6325-4F53-8E69-0D1E0B0AFCDF}.Debug|x64.ActiveCfg = Debug|Any CPU
		{D55511C9-6325-4F53-8E69-0D1E0B0AFCDF}.Debug|x86.ActiveCfg = Debug|Any CPU
		{D55511C9-6325-4F53-8E69-0D1E0B0AFCDF}.Release|Any CPU.ActiveCfg = Release|Any CPU
		{D55511C9-6325-4F53-8E69-0D1E0B0AFCDF}.Release|Any CPU.Build.0 = Release|Any CPU
		{D55511C9-6325-4F53-8E69-0D1E0B0AFCDF}.Release|x64.ActiveCfg = Release|Any CPU
		{D55511C9-6325-4F53-8E69-0D1E0B0AFCDF}.Release|x86.ActiveCfg = Release|Any CPU
		{2A370591-34B3-48A0-8BC3-04422931D983}.Debug|Any CPU.ActiveCfg = Debug|Any CPU
		{2A370591-34B3-48A0-8BC3-04422931D983}.Debug|Any CPU.Build.0 = Debug|Any CPU
		{2A370591-34B3-48A0-8BC3-04422931D983}.Debug|x64.ActiveCfg = Debug|Any CPU
		{2A370591-34B3-48A0-8BC3-04422931D983}.Debug|x86.ActiveCfg = Debug|Any CPU
		{2A370591-34B3-48A0-8BC3-04422931D983}.Release|Any CPU.ActiveCfg = Release|Any CPU
		{2A370591-34B3-48A0-8BC3-04422931D983}.Release|Any CPU.Build.0 = Release|Any CPU
		{2A370591-34B3-48A0-8BC3-04422931D983}.Release|x64.ActiveCfg = Release|Any CPU
		{2A370591-34B3-48A0-8BC3-04422931D983}.Release|x86.ActiveCfg = Release|Any CPU
		{E1012717-62B7-45C5-BE98-0E3C2F5ECB3A}.Debug|Any CPU.ActiveCfg = Debug|Any CPU
		{E1012717-62B7-45C5-BE98-0E3C2F5ECB3A}.Debug|Any CPU.Build.0 = Debug|Any CPU
		{E1012717-62B7-45C5-BE98-0E3C2F5ECB3A}.Debug|x64.ActiveCfg = Debug|Any CPU
		{E1012717-62B7-45C5-BE98-0E3C2F5ECB3A}.Debug|x86.ActiveCfg = Debug|Any CPU
		{E1012717-62B7-45C5-BE98-0E3C2F5ECB3A}.Release|Any CPU.ActiveCfg = Release|Any CPU
		{E1012717-62B7-45C5-BE98-0E3C2F5ECB3A}.Release|Any CPU.Build.0 = Release|Any CPU
		{E1012717-62B7-45C5-BE98-0E3C2F5ECB3A}.Release|x64.ActiveCfg = Release|Any CPU
		{E1012717-62B7-45C5-BE98-0E3C2F5ECB3A}.Release|x86.ActiveCfg = Release|Any CPU
		{57F4F6A2-57B4-4D94-A115-DE5628C8001F}.Debug|Any CPU.ActiveCfg = Debug|Any CPU
		{57F4F6A2-57B4-4D94-A115-DE5628C8001F}.Debug|Any CPU.Build.0 = Debug|Any CPU
		{57F4F6A2-57B4-4D94-A115-DE5628C8001F}.Debug|x64.ActiveCfg = Debug|Any CPU
		{57F4F6A2-57B4-4D94-A115-DE5628C8001F}.Debug|x86.ActiveCfg = Debug|Any CPU
		{57F4F6A2-57B4-4D94-A115-DE5628C8001F}.Release|Any CPU.ActiveCfg = Release|Any CPU
		{57F4F6A2-57B4-4D94-A115-DE5628C8001F}.Release|Any CPU.Build.0 = Release|Any CPU
		{57F4F6A2-57B4-4D94-A115-DE5628C8001F}.Release|x64.ActiveCfg = Release|Any CPU
		{57F4F6A2-57B4-4D94-A115-DE5628C8001F}.Release|x86.ActiveCfg = Release|Any CPU
		{6A396150-A20F-448F-A28B-69DC5ADBB0CA}.Debug|Any CPU.ActiveCfg = Debug|Any CPU
		{6A396150-A20F-448F-A28B-69DC5ADBB0CA}.Debug|Any CPU.Build.0 = Debug|Any CPU
		{6A396150-A20F-448F-A28B-69DC5ADBB0CA}.Debug|x64.ActiveCfg = Debug|Any CPU
		{6A396150-A20F-448F-A28B-69DC5ADBB0CA}.Debug|x86.ActiveCfg = Debug|Any CPU
		{6A396150-A20F-448F-A28B-69DC5ADBB0CA}.Release|Any CPU.ActiveCfg = Release|Any CPU
		{6A396150-A20F-448F-A28B-69DC5ADBB0CA}.Release|Any CPU.Build.0 = Release|Any CPU
		{6A396150-A20F-448F-A28B-69DC5ADBB0CA}.Release|x64.ActiveCfg = Release|Any CPU
		{6A396150-A20F-448F-A28B-69DC5ADBB0CA}.Release|x86.ActiveCfg = Release|Any CPU
		{3A8E5213-6E0B-43F5-A464-953586D59B60}.Debug|Any CPU.ActiveCfg = Debug|Any CPU
		{3A8E5213-6E0B-43F5-A464-953586D59B60}.Debug|Any CPU.Build.0 = Debug|Any CPU
		{3A8E5213-6E0B-43F5-A464-953586D59B60}.Debug|x64.ActiveCfg = Debug|Any CPU
		{3A8E5213-6E0B-43F5-A464-953586D59B60}.Debug|x86.ActiveCfg = Debug|Any CPU
		{3A8E5213-6E0B-43F5-A464-953586D59B60}.Release|Any CPU.ActiveCfg = Release|Any CPU
		{3A8E5213-6E0B-43F5-A464-953586D59B60}.Release|Any CPU.Build.0 = Release|Any CPU
		{3A8E5213-6E0B-43F5-A464-953586D59B60}.Release|x64.ActiveCfg = Release|Any CPU
		{3A8E5213-6E0B-43F5-A464-953586D59B60}.Release|x86.ActiveCfg = Release|Any CPU
	EndGlobalSection
	GlobalSection(SolutionProperties) = preSolution
		HideSolutionNode = FALSE
	EndGlobalSection
	GlobalSection(NestedProjects) = preSolution
		{FD6160C2-D9FC-4247-ADD3-06F474A16A54} = {0BB0FA94-851C-46F3-B6F0-F75F1D0E1848}
		{C61BA02D-D05A-40BE-B2CA-66FE51039C76} = {0BB0FA94-851C-46F3-B6F0-F75F1D0E1848}
		{98447053-D048-42CE-AE15-F3075B14CDE6} = {0BB0FA94-851C-46F3-B6F0-F75F1D0E1848}
		{5FCD58CE-0024-44BD-916C-2177BE1BAA27} = {0BB0FA94-851C-46F3-B6F0-F75F1D0E1848}
		{586149CE-7F0C-4789-8A4C-B3BD64B44320} = {0BB0FA94-851C-46F3-B6F0-F75F1D0E1848}
		{7B3CE79E-A4CC-47CC-BC8C-2AB1DD0CBCFC} = {0BB0FA94-851C-46F3-B6F0-F75F1D0E1848}
		{61BCD393-5EBD-4C7A-8BF6-AF6883668FD4} = {0BB0FA94-851C-46F3-B6F0-F75F1D0E1848}
		{2823D41F-FBA5-4832-AA96-95A2157E36C4} = {0BB0FA94-851C-46F3-B6F0-F75F1D0E1848}
		{49E587C6-EB00-4B8A-8DF6-FC2DEB5F77D7} = {0BB0FA94-851C-46F3-B6F0-F75F1D0E1848}
		{1CB64236-0096-44C3-B951-5FD442B9D20C} = {0BB0FA94-851C-46F3-B6F0-F75F1D0E1848}
		{2B495EF8-D6D0-4AC1-8AB6-557024532E7F} = {0BB0FA94-851C-46F3-B6F0-F75F1D0E1848}
		{4263F3AC-07AC-4EA0-AAC7-B51EBEF82FC4} = {0BB0FA94-851C-46F3-B6F0-F75F1D0E1848}
		{B51EFB07-88BC-4584-A919-B9817AC5D574} = {0BB0FA94-851C-46F3-B6F0-F75F1D0E1848}
		{F36EE86F-A742-4D24-9EAE-BB7726776EF3} = {0BB0FA94-851C-46F3-B6F0-F75F1D0E1848}
		{9BD8CF8F-29CB-4F30-B611-D304443755E0} = {0BB0FA94-851C-46F3-B6F0-F75F1D0E1848}
		{BB14BA6A-CCDC-445C-AD00-1B6AF19FA44C} = {0BB0FA94-851C-46F3-B6F0-F75F1D0E1848}
		{266A6EB4-28E2-4FB1-9F36-761CE0748FBF} = {0BB0FA94-851C-46F3-B6F0-F75F1D0E1848}
		{10212C0D-1465-4B7E-B849-9E0C3E939F91} = {0BB0FA94-851C-46F3-B6F0-F75F1D0E1848}
		{5DE7FDE4-C876-48BC-8646-E3E0B82EBD06} = {0BB0FA94-851C-46F3-B6F0-F75F1D0E1848}
		{33BDDE58-0C3A-4DA0-939B-CB671330D9D3} = {0BB0FA94-851C-46F3-B6F0-F75F1D0E1848}
		{BAE9DE21-8DA5-4E69-9160-73FFF2EFE3D8} = {0BB0FA94-851C-46F3-B6F0-F75F1D0E1848}
		{E0F07463-C20C-4485-904B-6B609B14A349} = {0BB0FA94-851C-46F3-B6F0-F75F1D0E1848}
		{8F220F11-F963-4704-A0F6-957DB23C816F} = {0BB0FA94-851C-46F3-B6F0-F75F1D0E1848}
		{3117F356-830F-4D37-9526-428FFDEF7C01} = {0BB0FA94-851C-46F3-B6F0-F75F1D0E1848}
		{204AC0F4-ED38-42F2-9D48-2DCFDBA190E2} = {0BB0FA94-851C-46F3-B6F0-F75F1D0E1848}
		{51602D89-5917-46F4-A539-4FC045A44F77} = {8A76EEB2-E536-46E6-BAB2-9163DB8541A5}
		{3C743DC8-6A80-41A9-98CC-D1262569FEBB} = {8A76EEB2-E536-46E6-BAB2-9163DB8541A5}
		{54A88903-483E-46EC-82FC-5CCCC65D3952} = {8A76EEB2-E536-46E6-BAB2-9163DB8541A5}
		{5943E0E3-252D-4E7F-B8AB-A71DFF0E372B} = {8A76EEB2-E536-46E6-BAB2-9163DB8541A5}
		{20F4FFBF-34AA-4FD1-839F-05FDE1C3EDE8} = {8A76EEB2-E536-46E6-BAB2-9163DB8541A5}
		{49DA8B3C-DE3A-4CD4-9A97-8F84CF260CA4} = {67439E40-70F0-47C5-A41D-98C1CD796E61}
		{18AD714C-21A7-469F-8391-DF09BA096E53} = {67439E40-70F0-47C5-A41D-98C1CD796E61}
		{404CEDA6-7DC7-410C-A234-7848E9E24590} = {67439E40-70F0-47C5-A41D-98C1CD796E61}
		{F1AF3FB1-FEB1-4C3C-9C21-05D66BC2440E} = {67439E40-70F0-47C5-A41D-98C1CD796E61}
		{A07AD6BF-1CC4-40F7-9B8D-FAC672395FE4} = {EAEA0F6D-ACFC-4B01-B172-1D2C41553B12}
		{9E310723-CB73-4929-A791-7400B7BD1AF7} = {EAEA0F6D-ACFC-4B01-B172-1D2C41553B12}
		{6A7019E1-3A17-490E-B49B-1A87E225700E} = {5703DAEC-632E-473F-9F9E-F0304D8EE000}
		{D8F90A86-599E-414E-8EAE-391F32FE6E42} = {5703DAEC-632E-473F-9F9E-F0304D8EE000}
		{EE66F508-5C6F-40F4-83EF-04A09660C7AF} = {5703DAEC-632E-473F-9F9E-F0304D8EE000}
		{0D964240-A024-4F9E-93A5-E979001E110F} = {286D5C02-4C8B-4712-AA5C-400430ACB129}
		{47E2E807-3BC3-4562-B662-ECB3F8A4E140} = {286D5C02-4C8B-4712-AA5C-400430ACB129}
		{08D2BA6F-68A8-4D7F-8135-3CCAE1509D81} = {286D5C02-4C8B-4712-AA5C-400430ACB129}
		{02C0035D-B1EA-4B2F-931D-A5CD2893DBEB} = {286D5C02-4C8B-4712-AA5C-400430ACB129}
		{ED6E2576-1435-4E2B-B7C5-EE77CDCBF51D} = {286D5C02-4C8B-4712-AA5C-400430ACB129}
		{294AA5AC-D7F5-446A-BCC0-3DCC556235BA} = {286D5C02-4C8B-4712-AA5C-400430ACB129}
		{62B9A6B0-63B7-451B-AFD6-D4BBEF350E15} = {5A2D1AAA-3272-4FB7-BE48-5FAF89AA34BC}
		{C1E94570-387E-49F1-B1B4-6EBFA0611A87} = {5A2D1AAA-3272-4FB7-BE48-5FAF89AA34BC}
		{961B8EEA-4645-444F-9F6D-34EAF3CCC455} = {5A2D1AAA-3272-4FB7-BE48-5FAF89AA34BC}
		{73DBDF46-87FE-46B8-864D-22D6617244AB} = {5A2D1AAA-3272-4FB7-BE48-5FAF89AA34BC}
		{200007D1-AE42-4206-A3B0-978CB0AD7B03} = {62B9A6B0-63B7-451B-AFD6-D4BBEF350E15}
		{08FC44E2-AF2F-48FC-B42B-4D1D4D03D12A} = {62B9A6B0-63B7-451B-AFD6-D4BBEF350E15}
		{4C70ABF0-BACE-4ADE-9D24-8698AA820E77} = {62B9A6B0-63B7-451B-AFD6-D4BBEF350E15}
		{84EFAB5B-9A62-42F8-AA28-31390C096B8C} = {62B9A6B0-63B7-451B-AFD6-D4BBEF350E15}
		{2D27FF5D-1418-432F-9D4B-F5A44335CF76} = {62B9A6B0-63B7-451B-AFD6-D4BBEF350E15}
		{ECF659D5-F359-4BE0-9952-1C9D857961BF} = {62B9A6B0-63B7-451B-AFD6-D4BBEF350E15}
		{F68B84FD-59A7-45DA-8279-9634D87BAD84} = {62B9A6B0-63B7-451B-AFD6-D4BBEF350E15}
		{2CB08D7F-5616-4371-B16C-5073A5B32E98} = {62B9A6B0-63B7-451B-AFD6-D4BBEF350E15}
		{D85CAB4B-6C6F-48A7-83D3-E9FEBB8FE4DC} = {62B9A6B0-63B7-451B-AFD6-D4BBEF350E15}
		{9B98B2AA-EB03-40CA-B715-E79B2AABB082} = {62B9A6B0-63B7-451B-AFD6-D4BBEF350E15}
		{64D83CC0-7D92-455F-9382-9FDA8DFA9CAB} = {62B9A6B0-63B7-451B-AFD6-D4BBEF350E15}
		{F13F21B9-5D8A-4A3E-9A6C-1AB9621F0D30} = {62B9A6B0-63B7-451B-AFD6-D4BBEF350E15}
		{D55511C9-6325-4F53-8E69-0D1E0B0AFCDF} = {62B9A6B0-63B7-451B-AFD6-D4BBEF350E15}
		{2A370591-34B3-48A0-8BC3-04422931D983} = {62B9A6B0-63B7-451B-AFD6-D4BBEF350E15}
		{E1012717-62B7-45C5-BE98-0E3C2F5ECB3A} = {29DB3D4F-88C4-4960-BCE3-A02121D710DB}
		{57F4F6A2-57B4-4D94-A115-DE5628C8001F} = {29DB3D4F-88C4-4960-BCE3-A02121D710DB}
		{6A396150-A20F-448F-A28B-69DC5ADBB0CA} = {29DB3D4F-88C4-4960-BCE3-A02121D710DB}
		{3A8E5213-6E0B-43F5-A464-953586D59B60} = {29DB3D4F-88C4-4960-BCE3-A02121D710DB}
	EndGlobalSection
EndGlobal
